// !$*UTF8*$!
{
	archiveVersion = 1;
	classes = {
	};
	objectVersion = 46;
	objects = {

/* Begin PBXBuildFile section */
		A20B7341150A5464003BA628 /* rIconPicker.png in Resources */ = {isa = PBXBuildFile; fileRef = A20B733F150A5463003BA628 /* rIconPicker.png */; };
		A20B7342150A5464003BA628 /* rIconPickerSelected.png in Resources */ = {isa = PBXBuildFile; fileRef = A20B7340150A5463003BA628 /* rIconPickerSelected.png */; };
		A214F74514F534F700D71C06 /* DOColorPickerView.m in Sources */ = {isa = PBXBuildFile; fileRef = A214F74414F534F700D71C06 /* DOColorPickerView.m */; };
		A214F74814F538E400D71C06 /* DOFileSettingsView.m in Sources */ = {isa = PBXBuildFile; fileRef = A214F74714F538E400D71C06 /* DOFileSettingsView.m */; };
		A214F74E14F53F7300D71C06 /* DOSubviewManager.m in Sources */ = {isa = PBXBuildFile; fileRef = A214F74D14F53F7300D71C06 /* DOSubviewManager.m */; };
		A21BDD2815124D6F00BE59D8 /* rBackgroundTile.png in Resources */ = {isa = PBXBuildFile; fileRef = A21BDD2715124D6F00BE59D8 /* rBackgroundTile.png */; };
		A24FB40714F67C6400CB1143 /* colorspectrum.fla in Resources */ = {isa = PBXBuildFile; fileRef = A24FB40514F67C6400CB1143 /* colorspectrum.fla */; };
		A24FB40814F67C6400CB1143 /* colorspectrum.swf in Resources */ = {isa = PBXBuildFile; fileRef = A24FB40614F67C6400CB1143 /* colorspectrum.swf */; };
		A24FB40B14F6851500CB1143 /* DODrawingView.m in Sources */ = {isa = PBXBuildFile; fileRef = A24FB40A14F6851400CB1143 /* DODrawingView.m */; };
		A25E1F9615175DF500E9314E /* rIconResize.png in Resources */ = {isa = PBXBuildFile; fileRef = A25E1F9515175DF500E9314E /* rIconResize.png */; };
		A2980566150E4036007A83F9 /* rIconPull.png in Resources */ = {isa = PBXBuildFile; fileRef = A2980564150E4036007A83F9 /* rIconPull.png */; };
		A2980567150E4036007A83F9 /* rIconSave.png in Resources */ = {isa = PBXBuildFile; fileRef = A2980565150E4036007A83F9 /* rIconSave.png */; };
		A2AEDCD914F3FB31000BD340 /* first.png in Resources */ = {isa = PBXBuildFile; fileRef = A2AEDCC214F3FB31000BD340 /* first.png */; };
		A2AEDCDA14F3FB31000BD340 /* first@2x.png in Resources */ = {isa = PBXBuildFile; fileRef = A2AEDCC314F3FB31000BD340 /* first@2x.png */; };
		A2AEDCDB14F3FB31000BD340 /* rColorMap.png in Resources */ = {isa = PBXBuildFile; fileRef = A2AEDCC414F3FB31000BD340 /* rColorMap.png */; };
		A2AEDCDC14F3FB31000BD340 /* rFolderClose.png in Resources */ = {isa = PBXBuildFile; fileRef = A2AEDCC514F3FB31000BD340 /* rFolderClose.png */; };
		A2AEDCDD14F3FB31000BD340 /* rFolderOpen.png in Resources */ = {isa = PBXBuildFile; fileRef = A2AEDCC614F3FB31000BD340 /* rFolderOpen.png */; };
		A2AEDCDE14F3FB31000BD340 /* rIconColor.png in Resources */ = {isa = PBXBuildFile; fileRef = A2AEDCC714F3FB31000BD340 /* rIconColor.png */; };
		A2AEDCDF14F3FB31000BD340 /* rIconColorPicker.png in Resources */ = {isa = PBXBuildFile; fileRef = A2AEDCC814F3FB31000BD340 /* rIconColorPicker.png */; };
		A2AEDCE014F3FB31000BD340 /* rIconColorPickerHorizontal.png in Resources */ = {isa = PBXBuildFile; fileRef = A2AEDCC914F3FB31000BD340 /* rIconColorPickerHorizontal.png */; };
		A2AEDCE114F3FB31000BD340 /* rIconColorSelected.png in Resources */ = {isa = PBXBuildFile; fileRef = A2AEDCCA14F3FB31000BD340 /* rIconColorSelected.png */; };
		A2AEDCE214F3FB31000BD340 /* rIconFile.png in Resources */ = {isa = PBXBuildFile; fileRef = A2AEDCCB14F3FB31000BD340 /* rIconFile.png */; };
		A2AEDCE314F3FB31000BD340 /* rIconFileSelected.png in Resources */ = {isa = PBXBuildFile; fileRef = A2AEDCCC14F3FB31000BD340 /* rIconFileSelected.png */; };
		A2AEDCE414F3FB31000BD340 /* rIconMoveActive.png in Resources */ = {isa = PBXBuildFile; fileRef = A2AEDCCD14F3FB31000BD340 /* rIconMoveActive.png */; };
		A2AEDCE514F3FB31000BD340 /* rIconMoveInactive.png in Resources */ = {isa = PBXBuildFile; fileRef = A2AEDCCE14F3FB31000BD340 /* rIconMoveInactive.png */; };
		A2AEDCE614F3FB31000BD340 /* rIconMoveSelected.png in Resources */ = {isa = PBXBuildFile; fileRef = A2AEDCCF14F3FB31000BD340 /* rIconMoveSelected.png */; };
		A2AEDCE814F3FB31000BD340 /* rIconZoomIn.png in Resources */ = {isa = PBXBuildFile; fileRef = A2AEDCD114F3FB31000BD340 /* rIconZoomIn.png */; };
		A2AEDCE914F3FB31000BD340 /* rIconZoomInSelected.png in Resources */ = {isa = PBXBuildFile; fileRef = A2AEDCD214F3FB31000BD340 /* rIconZoomInSelected.png */; };
		A2AEDCEA14F3FB31000BD340 /* rIconZoomOut.png in Resources */ = {isa = PBXBuildFile; fileRef = A2AEDCD314F3FB31000BD340 /* rIconZoomOut.png */; };
		A2AEDCEB14F3FB31000BD340 /* rIconZoomOutSelected.png in Resources */ = {isa = PBXBuildFile; fileRef = A2AEDCD414F3FB31000BD340 /* rIconZoomOutSelected.png */; };
		A2AEDCEC14F3FB31000BD340 /* rSeparator.png in Resources */ = {isa = PBXBuildFile; fileRef = A2AEDCD514F3FB31000BD340 /* rSeparator.png */; };
		A2AEDCED14F3FB31000BD340 /* second.png in Resources */ = {isa = PBXBuildFile; fileRef = A2AEDCD614F3FB31000BD340 /* second.png */; };
		A2AEDCEE14F3FB31000BD340 /* second@2x.png in Resources */ = {isa = PBXBuildFile; fileRef = A2AEDCD714F3FB31000BD340 /* second@2x.png */; };
		A2B2C6F915134C680037A0B3 /* rIconNewFile.png in Resources */ = {isa = PBXBuildFile; fileRef = A2B2C6F815134C680037A0B3 /* rIconNewFile.png */; };
		A2BF88551508E548007AA803 /* rFolder.png in Resources */ = {isa = PBXBuildFile; fileRef = A2BF88521508E548007AA803 /* rFolder.png */; };
		A2BF88561508E548007AA803 /* rFolderButtonClose.png in Resources */ = {isa = PBXBuildFile; fileRef = A2BF88531508E548007AA803 /* rFolderButtonClose.png */; };
		A2BF88571508E548007AA803 /* rFolderButtonOpen.png in Resources */ = {isa = PBXBuildFile; fileRef = A2BF88541508E548007AA803 /* rFolderButtonOpen.png */; };
		A2C594FE1518864D00678AAC /* rIconPosition.png in Resources */ = {isa = PBXBuildFile; fileRef = A2C594FC1518864D00678AAC /* rIconPosition.png */; };
		A2C594FF1518864D00678AAC /* rIconPositionActive.png in Resources */ = {isa = PBXBuildFile; fileRef = A2C594FD1518864D00678AAC /* rIconPositionActive.png */; };
		A2CBA8681519E11D00F88A79 /* rLaunchImage.png in Resources */ = {isa = PBXBuildFile; fileRef = A2CBA8661519E11D00F88A79 /* rLaunchImage.png */; };
		A2CBA8691519E11D00F88A79 /* sLaunchImage.png in Resources */ = {isa = PBXBuildFile; fileRef = A2CBA8671519E11D00F88A79 /* sLaunchImage.png */; };
		A2CBA86E1519E18400F88A79 /* Default@2x.png in Resources */ = {isa = PBXBuildFile; fileRef = A2CBA86D1519E18400F88A79 /* Default@2x.png */; };
		A2CBA8701519E18700F88A79 /* Default.png in Resources */ = {isa = PBXBuildFile; fileRef = A2CBA86F1519E18700F88A79 /* Default.png */; };
		A2CBA872151A0E2500F88A79 /* lIconPixelPainter.png in Resources */ = {isa = PBXBuildFile; fileRef = A2CBA871151A0E2500F88A79 /* lIconPixelPainter.png */; };
		A2CBA87C151A1C5A00F88A79 /* appIconPixelPainter-57x57.png in Resources */ = {isa = PBXBuildFile; fileRef = A2CBA87B151A1C5A00F88A79 /* appIconPixelPainter-57x57.png */; };
		A2CBA87E151A1C6000F88A79 /* appIconPixelPainter-114x114.png in Resources */ = {isa = PBXBuildFile; fileRef = A2CBA87D151A1C6000F88A79 /* appIconPixelPainter-114x114.png */; };
		A2F6BF01150F5F640077CE5B /* rIconPen.png in Resources */ = {isa = PBXBuildFile; fileRef = A2F6BEFD150F5F630077CE5B /* rIconPen.png */; };
		A2F6BF02150F5F640077CE5B /* rIconPenSelected.png in Resources */ = {isa = PBXBuildFile; fileRef = A2F6BEFE150F5F630077CE5B /* rIconPenSelected.png */; };
		A2F6BF03150F5F640077CE5B /* rColorBackgroundTransparent.png in Resources */ = {isa = PBXBuildFile; fileRef = A2F6BEFF150F5F640077CE5B /* rColorBackgroundTransparent.png */; };
		A2F6BF04150F5F640077CE5B /* rIconTransparent.png in Resources */ = {isa = PBXBuildFile; fileRef = A2F6BF00150F5F640077CE5B /* rIconTransparent.png */; };
		A2F6BF07150FB0090077CE5B /* rIconGeneric.png in Resources */ = {isa = PBXBuildFile; fileRef = A2F6BF06150FB0090077CE5B /* rIconGeneric.png */; };
		A2F6BF0A150FC0200077CE5B /* rIconErase.png in Resources */ = {isa = PBXBuildFile; fileRef = A2F6BF08150FC0200077CE5B /* rIconErase.png */; };
		A2F6BF0B150FC0200077CE5B /* rIconEraseSelected.png in Resources */ = {isa = PBXBuildFile; fileRef = A2F6BF09150FC0200077CE5B /* rIconEraseSelected.png */; };
		CE161C1014D5AAF800B8C7DE /* UIKit.framework in Frameworks */ = {isa = PBXBuildFile; fileRef = CE161C0F14D5AAF800B8C7DE /* UIKit.framework */; };
		CE161C1214D5AAF800B8C7DE /* Foundation.framework in Frameworks */ = {isa = PBXBuildFile; fileRef = CE161C1114D5AAF800B8C7DE /* Foundation.framework */; };
		CE161C1414D5AAF800B8C7DE /* CoreGraphics.framework in Frameworks */ = {isa = PBXBuildFile; fileRef = CE161C1314D5AAF800B8C7DE /* CoreGraphics.framework */; };
		CE161C1A14D5AAF800B8C7DE /* InfoPlist.strings in Resources */ = {isa = PBXBuildFile; fileRef = CE161C1814D5AAF800B8C7DE /* InfoPlist.strings */; };
		CE161C1C14D5AAF800B8C7DE /* main.m in Sources */ = {isa = PBXBuildFile; fileRef = CE161C1B14D5AAF800B8C7DE /* main.m */; };
		CE161C2014D5AAF800B8C7DE /* DOAppDelegate.m in Sources */ = {isa = PBXBuildFile; fileRef = CE161C1F14D5AAF800B8C7DE /* DOAppDelegate.m */; };
		CE27CB0014D9F57000500778 /* UIImageView-ColorUtils.m in Sources */ = {isa = PBXBuildFile; fileRef = CE27CAFF14D9F57000500778 /* UIImageView-ColorUtils.m */; };
		CE62227414F4429600B94622 /* DOPixelPainterModel.m in Sources */ = {isa = PBXBuildFile; fileRef = CE62227314F4429600B94622 /* DOPixelPainterModel.m */; };
		CE6D7A2E14EF00DC00D707E4 /* DONavigationView.m in Sources */ = {isa = PBXBuildFile; fileRef = CE6D7A2D14EF00DC00D707E4 /* DONavigationView.m */; };
		CE70CE1C14FD76520024B002 /* QuartzCore.framework in Frameworks */ = {isa = PBXBuildFile; fileRef = CE70CE1B14FD76520024B002 /* QuartzCore.framework */; };
		CE73F70314F59A0D003B9C12 /* GradientView.m in Sources */ = {isa = PBXBuildFile; fileRef = CE73F70214F59A0D003B9C12 /* GradientView.m */; };
		CE73F70714F59C37003B9C12 /* UIColor-HSVAdditions.m in Sources */ = {isa = PBXBuildFile; fileRef = CE73F70514F59C37003B9C12 /* UIColor-HSVAdditions.m */; };
		CE73F70A14F59C4F003B9C12 /* UIColor-Expanded.m in Sources */ = {isa = PBXBuildFile; fileRef = CE73F70914F59C4F003B9C12 /* UIColor-Expanded.m */; };
		CE73F70D14F59FBE003B9C12 /* DOColorPreviewView.m in Sources */ = {isa = PBXBuildFile; fileRef = CE73F70C14F59FBE003B9C12 /* DOColorPreviewView.m */; };
		CE7BEE3B14E47EC90011D567 /* pixel-painter.psd in Resources */ = {isa = PBXBuildFile; fileRef = CE7BEE2E14E47EC90011D567 /* pixel-painter.psd */; };
		CE7FE17B14E1D68200DB367B /* DOPixelPainterViewContoller.m in Sources */ = {isa = PBXBuildFile; fileRef = CE7FE17914E1D68200DB367B /* DOPixelPainterViewContoller.m */; };
		CE8D44A015CF1B5700DDA6D4 /* DOColorPickerViewController.m in Sources */ = {isa = PBXBuildFile; fileRef = CE8D449F15CF1B5700DDA6D4 /* DOColorPickerViewController.m */; };
		CE8D44A315CF1C7500DDA6D4 /* DOColorPickerViewController.xib in Resources */ = {isa = PBXBuildFile; fileRef = CE8D44A215CF1C7500DDA6D4 /* DOColorPickerViewController.xib */; };
		CEFF48A91524C64E007CA97C /* MainStoryboard.storyboard in Resources */ = {isa = PBXBuildFile; fileRef = CE161C2114D5AAF800B8C7DE /* MainStoryboard.storyboard */; };
/* End PBXBuildFile section */

/* Begin PBXFileReference section */
		A20B733F150A5463003BA628 /* rIconPicker.png */ = {isa = PBXFileReference; lastKnownFileType = image.png; path = rIconPicker.png; sourceTree = "<group>"; };
		A20B7340150A5463003BA628 /* rIconPickerSelected.png */ = {isa = PBXFileReference; lastKnownFileType = image.png; path = rIconPickerSelected.png; sourceTree = "<group>"; };
		A214F74314F534F700D71C06 /* DOColorPickerView.h */ = {isa = PBXFileReference; fileEncoding = 4; lastKnownFileType = sourcecode.c.h; path = DOColorPickerView.h; sourceTree = "<group>"; };
		A214F74414F534F700D71C06 /* DOColorPickerView.m */ = {isa = PBXFileReference; fileEncoding = 4; lastKnownFileType = sourcecode.c.objc; path = DOColorPickerView.m; sourceTree = "<group>"; };
		A214F74614F538E400D71C06 /* DOFileSettingsView.h */ = {isa = PBXFileReference; fileEncoding = 4; lastKnownFileType = sourcecode.c.h; path = DOFileSettingsView.h; sourceTree = "<group>"; };
		A214F74714F538E400D71C06 /* DOFileSettingsView.m */ = {isa = PBXFileReference; fileEncoding = 4; lastKnownFileType = sourcecode.c.objc; path = DOFileSettingsView.m; sourceTree = "<group>"; };
		A214F74C14F53F7300D71C06 /* DOSubviewManager.h */ = {isa = PBXFileReference; fileEncoding = 4; lastKnownFileType = sourcecode.c.h; path = DOSubviewManager.h; sourceTree = "<group>"; };
		A214F74D14F53F7300D71C06 /* DOSubviewManager.m */ = {isa = PBXFileReference; fileEncoding = 4; lastKnownFileType = sourcecode.c.objc; path = DOSubviewManager.m; sourceTree = "<group>"; };
		A21BDD2715124D6F00BE59D8 /* rBackgroundTile.png */ = {isa = PBXFileReference; lastKnownFileType = image.png; path = rBackgroundTile.png; sourceTree = "<group>"; };
		A24FB3FF14F64CAD00CB1143 /* DOConstants.h */ = {isa = PBXFileReference; fileEncoding = 4; lastKnownFileType = sourcecode.c.h; path = DOConstants.h; sourceTree = "<group>"; };
		A24FB40514F67C6400CB1143 /* colorspectrum.fla */ = {isa = PBXFileReference; lastKnownFileType = file; path = colorspectrum.fla; sourceTree = "<group>"; };
		A24FB40614F67C6400CB1143 /* colorspectrum.swf */ = {isa = PBXFileReference; lastKnownFileType = file; path = colorspectrum.swf; sourceTree = "<group>"; };
		A24FB40914F6851300CB1143 /* DODrawingView.h */ = {isa = PBXFileReference; fileEncoding = 4; lastKnownFileType = sourcecode.c.h; path = DODrawingView.h; sourceTree = "<group>"; };
		A24FB40A14F6851400CB1143 /* DODrawingView.m */ = {isa = PBXFileReference; fileEncoding = 4; lastKnownFileType = sourcecode.c.objc; path = DODrawingView.m; sourceTree = "<group>"; };
		A25E1F9515175DF500E9314E /* rIconResize.png */ = {isa = PBXFileReference; lastKnownFileType = image.png; path = rIconResize.png; sourceTree = "<group>"; };
		A2980564150E4036007A83F9 /* rIconPull.png */ = {isa = PBXFileReference; lastKnownFileType = image.png; path = rIconPull.png; sourceTree = "<group>"; };
		A2980565150E4036007A83F9 /* rIconSave.png */ = {isa = PBXFileReference; lastKnownFileType = image.png; path = rIconSave.png; sourceTree = "<group>"; };
		A2AEDCC214F3FB31000BD340 /* first.png */ = {isa = PBXFileReference; lastKnownFileType = image.png; path = first.png; sourceTree = "<group>"; };
		A2AEDCC314F3FB31000BD340 /* first@2x.png */ = {isa = PBXFileReference; lastKnownFileType = image.png; path = "first@2x.png"; sourceTree = "<group>"; };
		A2AEDCC414F3FB31000BD340 /* rColorMap.png */ = {isa = PBXFileReference; lastKnownFileType = image.png; path = rColorMap.png; sourceTree = "<group>"; };
		A2AEDCC514F3FB31000BD340 /* rFolderClose.png */ = {isa = PBXFileReference; lastKnownFileType = image.png; path = rFolderClose.png; sourceTree = "<group>"; };
		A2AEDCC614F3FB31000BD340 /* rFolderOpen.png */ = {isa = PBXFileReference; lastKnownFileType = image.png; path = rFolderOpen.png; sourceTree = "<group>"; };
		A2AEDCC714F3FB31000BD340 /* rIconColor.png */ = {isa = PBXFileReference; lastKnownFileType = image.png; path = rIconColor.png; sourceTree = "<group>"; };
		A2AEDCC814F3FB31000BD340 /* rIconColorPicker.png */ = {isa = PBXFileReference; lastKnownFileType = image.png; path = rIconColorPicker.png; sourceTree = "<group>"; };
		A2AEDCC914F3FB31000BD340 /* rIconColorPickerHorizontal.png */ = {isa = PBXFileReference; lastKnownFileType = image.png; path = rIconColorPickerHorizontal.png; sourceTree = "<group>"; };
		A2AEDCCA14F3FB31000BD340 /* rIconColorSelected.png */ = {isa = PBXFileReference; lastKnownFileType = image.png; path = rIconColorSelected.png; sourceTree = "<group>"; };
		A2AEDCCB14F3FB31000BD340 /* rIconFile.png */ = {isa = PBXFileReference; lastKnownFileType = image.png; path = rIconFile.png; sourceTree = "<group>"; };
		A2AEDCCC14F3FB31000BD340 /* rIconFileSelected.png */ = {isa = PBXFileReference; lastKnownFileType = image.png; path = rIconFileSelected.png; sourceTree = "<group>"; };
		A2AEDCCD14F3FB31000BD340 /* rIconMoveActive.png */ = {isa = PBXFileReference; lastKnownFileType = image.png; path = rIconMoveActive.png; sourceTree = "<group>"; };
		A2AEDCCE14F3FB31000BD340 /* rIconMoveInactive.png */ = {isa = PBXFileReference; lastKnownFileType = image.png; path = rIconMoveInactive.png; sourceTree = "<group>"; };
		A2AEDCCF14F3FB31000BD340 /* rIconMoveSelected.png */ = {isa = PBXFileReference; lastKnownFileType = image.png; path = rIconMoveSelected.png; sourceTree = "<group>"; };
		A2AEDCD114F3FB31000BD340 /* rIconZoomIn.png */ = {isa = PBXFileReference; lastKnownFileType = image.png; path = rIconZoomIn.png; sourceTree = "<group>"; };
		A2AEDCD214F3FB31000BD340 /* rIconZoomInSelected.png */ = {isa = PBXFileReference; lastKnownFileType = image.png; path = rIconZoomInSelected.png; sourceTree = "<group>"; };
		A2AEDCD314F3FB31000BD340 /* rIconZoomOut.png */ = {isa = PBXFileReference; lastKnownFileType = image.png; path = rIconZoomOut.png; sourceTree = "<group>"; };
		A2AEDCD414F3FB31000BD340 /* rIconZoomOutSelected.png */ = {isa = PBXFileReference; lastKnownFileType = image.png; path = rIconZoomOutSelected.png; sourceTree = "<group>"; };
		A2AEDCD514F3FB31000BD340 /* rSeparator.png */ = {isa = PBXFileReference; lastKnownFileType = image.png; path = rSeparator.png; sourceTree = "<group>"; };
		A2AEDCD614F3FB31000BD340 /* second.png */ = {isa = PBXFileReference; lastKnownFileType = image.png; path = second.png; sourceTree = "<group>"; };
		A2AEDCD714F3FB31000BD340 /* second@2x.png */ = {isa = PBXFileReference; lastKnownFileType = image.png; path = "second@2x.png"; sourceTree = "<group>"; };
		A2B2C6F815134C680037A0B3 /* rIconNewFile.png */ = {isa = PBXFileReference; lastKnownFileType = image.png; path = rIconNewFile.png; sourceTree = "<group>"; };
		A2BF88521508E548007AA803 /* rFolder.png */ = {isa = PBXFileReference; lastKnownFileType = image.png; path = rFolder.png; sourceTree = "<group>"; };
		A2BF88531508E548007AA803 /* rFolderButtonClose.png */ = {isa = PBXFileReference; lastKnownFileType = image.png; path = rFolderButtonClose.png; sourceTree = "<group>"; };
		A2BF88541508E548007AA803 /* rFolderButtonOpen.png */ = {isa = PBXFileReference; lastKnownFileType = image.png; path = rFolderButtonOpen.png; sourceTree = "<group>"; };
		A2C594FC1518864D00678AAC /* rIconPosition.png */ = {isa = PBXFileReference; lastKnownFileType = image.png; path = rIconPosition.png; sourceTree = "<group>"; };
		A2C594FD1518864D00678AAC /* rIconPositionActive.png */ = {isa = PBXFileReference; lastKnownFileType = image.png; path = rIconPositionActive.png; sourceTree = "<group>"; };
		A2CBA8661519E11D00F88A79 /* rLaunchImage.png */ = {isa = PBXFileReference; lastKnownFileType = image.png; path = rLaunchImage.png; sourceTree = "<group>"; };
		A2CBA8671519E11D00F88A79 /* sLaunchImage.png */ = {isa = PBXFileReference; lastKnownFileType = image.png; path = sLaunchImage.png; sourceTree = "<group>"; };
		A2CBA86D1519E18400F88A79 /* Default@2x.png */ = {isa = PBXFileReference; lastKnownFileType = image.png; path = "Default@2x.png"; sourceTree = "<group>"; };
		A2CBA86F1519E18700F88A79 /* Default.png */ = {isa = PBXFileReference; lastKnownFileType = image.png; path = Default.png; sourceTree = "<group>"; };
		A2CBA871151A0E2500F88A79 /* lIconPixelPainter.png */ = {isa = PBXFileReference; lastKnownFileType = image.png; path = lIconPixelPainter.png; sourceTree = "<group>"; };
		A2CBA87B151A1C5A00F88A79 /* appIconPixelPainter-57x57.png */ = {isa = PBXFileReference; lastKnownFileType = image.png; path = "appIconPixelPainter-57x57.png"; sourceTree = "<group>"; };
		A2CBA87D151A1C6000F88A79 /* appIconPixelPainter-114x114.png */ = {isa = PBXFileReference; lastKnownFileType = image.png; path = "appIconPixelPainter-114x114.png"; sourceTree = "<group>"; };
		A2F6BEFD150F5F630077CE5B /* rIconPen.png */ = {isa = PBXFileReference; lastKnownFileType = image.png; path = rIconPen.png; sourceTree = "<group>"; };
		A2F6BEFE150F5F630077CE5B /* rIconPenSelected.png */ = {isa = PBXFileReference; lastKnownFileType = image.png; path = rIconPenSelected.png; sourceTree = "<group>"; };
		A2F6BEFF150F5F640077CE5B /* rColorBackgroundTransparent.png */ = {isa = PBXFileReference; lastKnownFileType = image.png; path = rColorBackgroundTransparent.png; sourceTree = "<group>"; };
		A2F6BF00150F5F640077CE5B /* rIconTransparent.png */ = {isa = PBXFileReference; lastKnownFileType = image.png; path = rIconTransparent.png; sourceTree = "<group>"; };
		A2F6BF06150FB0090077CE5B /* rIconGeneric.png */ = {isa = PBXFileReference; lastKnownFileType = image.png; path = rIconGeneric.png; sourceTree = "<group>"; };
		A2F6BF08150FC0200077CE5B /* rIconErase.png */ = {isa = PBXFileReference; lastKnownFileType = image.png; path = rIconErase.png; sourceTree = "<group>"; };
		A2F6BF09150FC0200077CE5B /* rIconEraseSelected.png */ = {isa = PBXFileReference; lastKnownFileType = image.png; path = rIconEraseSelected.png; sourceTree = "<group>"; };
		CE161C0B14D5AAF800B8C7DE /* pixel painter.app */ = {isa = PBXFileReference; explicitFileType = wrapper.application; includeInIndex = 0; path = "pixel painter.app"; sourceTree = BUILT_PRODUCTS_DIR; };
		CE161C0F14D5AAF800B8C7DE /* UIKit.framework */ = {isa = PBXFileReference; lastKnownFileType = wrapper.framework; name = UIKit.framework; path = System/Library/Frameworks/UIKit.framework; sourceTree = SDKROOT; };
		CE161C1114D5AAF800B8C7DE /* Foundation.framework */ = {isa = PBXFileReference; lastKnownFileType = wrapper.framework; name = Foundation.framework; path = System/Library/Frameworks/Foundation.framework; sourceTree = SDKROOT; };
		CE161C1314D5AAF800B8C7DE /* CoreGraphics.framework */ = {isa = PBXFileReference; lastKnownFileType = wrapper.framework; name = CoreGraphics.framework; path = System/Library/Frameworks/CoreGraphics.framework; sourceTree = SDKROOT; };
		CE161C1714D5AAF800B8C7DE /* pixel painter-Info.plist */ = {isa = PBXFileReference; lastKnownFileType = text.plist.xml; path = "pixel painter-Info.plist"; sourceTree = "<group>"; };
		CE161C1914D5AAF800B8C7DE /* en */ = {isa = PBXFileReference; lastKnownFileType = text.plist.strings; name = en; path = en.lproj/InfoPlist.strings; sourceTree = "<group>"; };
		CE161C1B14D5AAF800B8C7DE /* main.m */ = {isa = PBXFileReference; lastKnownFileType = sourcecode.c.objc; path = main.m; sourceTree = "<group>"; };
		CE161C1D14D5AAF800B8C7DE /* pixel painter-Prefix.pch */ = {isa = PBXFileReference; lastKnownFileType = sourcecode.c.h; path = "pixel painter-Prefix.pch"; sourceTree = "<group>"; };
		CE161C1E14D5AAF800B8C7DE /* DOAppDelegate.h */ = {isa = PBXFileReference; lastKnownFileType = sourcecode.c.h; path = DOAppDelegate.h; sourceTree = "<group>"; };
		CE161C1F14D5AAF800B8C7DE /* DOAppDelegate.m */ = {isa = PBXFileReference; lastKnownFileType = sourcecode.c.objc; path = DOAppDelegate.m; sourceTree = "<group>"; };
		CE161C2214D5AAF800B8C7DE /* en */ = {isa = PBXFileReference; lastKnownFileType = file.storyboard; name = en; path = en.lproj/MainStoryboard.storyboard; sourceTree = "<group>"; };
		CE27CAFE14D9F57000500778 /* UIImageView-ColorUtils.h */ = {isa = PBXFileReference; fileEncoding = 4; lastKnownFileType = sourcecode.c.h; path = "UIImageView-ColorUtils.h"; sourceTree = "<group>"; };
		CE27CAFF14D9F57000500778 /* UIImageView-ColorUtils.m */ = {isa = PBXFileReference; fileEncoding = 4; lastKnownFileType = sourcecode.c.objc; path = "UIImageView-ColorUtils.m"; sourceTree = "<group>"; };
		CE62227214F4429600B94622 /* DOPixelPainterModel.h */ = {isa = PBXFileReference; fileEncoding = 4; lastKnownFileType = sourcecode.c.h; path = DOPixelPainterModel.h; sourceTree = "<group>"; };
		CE62227314F4429600B94622 /* DOPixelPainterModel.m */ = {isa = PBXFileReference; fileEncoding = 4; lastKnownFileType = sourcecode.c.objc; path = DOPixelPainterModel.m; sourceTree = "<group>"; };
		CE6D7A2C14EF00DC00D707E4 /* DONavigationView.h */ = {isa = PBXFileReference; fileEncoding = 4; lastKnownFileType = sourcecode.c.h; path = DONavigationView.h; sourceTree = "<group>"; };
		CE6D7A2D14EF00DC00D707E4 /* DONavigationView.m */ = {isa = PBXFileReference; fileEncoding = 4; lastKnownFileType = sourcecode.c.objc; path = DONavigationView.m; sourceTree = "<group>"; };
		CE70CE1B14FD76520024B002 /* QuartzCore.framework */ = {isa = PBXFileReference; lastKnownFileType = wrapper.framework; name = QuartzCore.framework; path = System/Library/Frameworks/QuartzCore.framework; sourceTree = SDKROOT; };
		CE73F70114F59A0D003B9C12 /* GradientView.h */ = {isa = PBXFileReference; fileEncoding = 4; lastKnownFileType = sourcecode.c.h; path = GradientView.h; sourceTree = "<group>"; };
		CE73F70214F59A0D003B9C12 /* GradientView.m */ = {isa = PBXFileReference; fileEncoding = 4; lastKnownFileType = sourcecode.c.objc; path = GradientView.m; sourceTree = "<group>"; };
		CE73F70514F59C37003B9C12 /* UIColor-HSVAdditions.m */ = {isa = PBXFileReference; fileEncoding = 4; lastKnownFileType = sourcecode.c.objc; path = "UIColor-HSVAdditions.m"; sourceTree = "<group>"; };
		CE73F70614F59C37003B9C12 /* UIColor-HSVAdditions.h */ = {isa = PBXFileReference; fileEncoding = 4; lastKnownFileType = sourcecode.c.h; path = "UIColor-HSVAdditions.h"; sourceTree = "<group>"; };
		CE73F70814F59C4F003B9C12 /* UIColor-Expanded.h */ = {isa = PBXFileReference; fileEncoding = 4; lastKnownFileType = sourcecode.c.h; path = "UIColor-Expanded.h"; sourceTree = "<group>"; };
		CE73F70914F59C4F003B9C12 /* UIColor-Expanded.m */ = {isa = PBXFileReference; fileEncoding = 4; lastKnownFileType = sourcecode.c.objc; path = "UIColor-Expanded.m"; sourceTree = "<group>"; };
		CE73F70B14F59FBE003B9C12 /* DOColorPreviewView.h */ = {isa = PBXFileReference; fileEncoding = 4; lastKnownFileType = sourcecode.c.h; path = DOColorPreviewView.h; sourceTree = "<group>"; };
		CE73F70C14F59FBE003B9C12 /* DOColorPreviewView.m */ = {isa = PBXFileReference; fileEncoding = 4; lastKnownFileType = sourcecode.c.objc; path = DOColorPreviewView.m; sourceTree = "<group>"; };
		CE7BEE2E14E47EC90011D567 /* pixel-painter.psd */ = {isa = PBXFileReference; lastKnownFileType = file; path = "pixel-painter.psd"; sourceTree = "<group>"; };
		CE7FE17814E1D68200DB367B /* DOPixelPainterViewContoller.h */ = {isa = PBXFileReference; fileEncoding = 4; lastKnownFileType = sourcecode.c.h; path = DOPixelPainterViewContoller.h; sourceTree = "<group>"; };
		CE7FE17914E1D68200DB367B /* DOPixelPainterViewContoller.m */ = {isa = PBXFileReference; fileEncoding = 4; lastKnownFileType = sourcecode.c.objc; path = DOPixelPainterViewContoller.m; sourceTree = "<group>"; };
		CE8D449E15CF1B5700DDA6D4 /* DOColorPickerViewController.h */ = {isa = PBXFileReference; fileEncoding = 4; lastKnownFileType = sourcecode.c.h; path = DOColorPickerViewController.h; sourceTree = "<group>"; };
		CE8D449F15CF1B5700DDA6D4 /* DOColorPickerViewController.m */ = {isa = PBXFileReference; fileEncoding = 4; lastKnownFileType = sourcecode.c.objc; path = DOColorPickerViewController.m; sourceTree = "<group>"; };
		CE8D44A215CF1C7500DDA6D4 /* DOColorPickerViewController.xib */ = {isa = PBXFileReference; fileEncoding = 4; lastKnownFileType = file.xib; path = DOColorPickerViewController.xib; sourceTree = "<group>"; };
/* End PBXFileReference section */

/* Begin PBXFrameworksBuildPhase section */
		CE161C0814D5AAF800B8C7DE /* Frameworks */ = {
			isa = PBXFrameworksBuildPhase;
			buildActionMask = 2147483647;
			files = (
				CE70CE1C14FD76520024B002 /* QuartzCore.framework in Frameworks */,
				CE161C1014D5AAF800B8C7DE /* UIKit.framework in Frameworks */,
				CE161C1214D5AAF800B8C7DE /* Foundation.framework in Frameworks */,
				CE161C1414D5AAF800B8C7DE /* CoreGraphics.framework in Frameworks */,
			);
			runOnlyForDeploymentPostprocessing = 0;
		};
/* End PBXFrameworksBuildPhase section */

/* Begin PBXGroup section */
		CE161C0014D5AAF800B8C7DE = {
			isa = PBXGroup;
			children = (
				A2CBA87D151A1C6000F88A79 /* appIconPixelPainter-114x114.png */,
				A2CBA87B151A1C5A00F88A79 /* appIconPixelPainter-57x57.png */,
				A2CBA86F1519E18700F88A79 /* Default.png */,
				A2CBA86D1519E18400F88A79 /* Default@2x.png */,
				CE161C1514D5AAF800B8C7DE /* pixel painter */,
				CE161C0E14D5AAF800B8C7DE /* Frameworks */,
				CE161C0C14D5AAF800B8C7DE /* Products */,
			);
			sourceTree = "<group>";
		};
		CE161C0C14D5AAF800B8C7DE /* Products */ = {
			isa = PBXGroup;
			children = (
				CE161C0B14D5AAF800B8C7DE /* pixel painter.app */,
			);
			name = Products;
			sourceTree = "<group>";
		};
		CE161C0E14D5AAF800B8C7DE /* Frameworks */ = {
			isa = PBXGroup;
			children = (
				CE70CE1B14FD76520024B002 /* QuartzCore.framework */,
				CE161C0F14D5AAF800B8C7DE /* UIKit.framework */,
				CE161C1114D5AAF800B8C7DE /* Foundation.framework */,
				CE161C1314D5AAF800B8C7DE /* CoreGraphics.framework */,
			);
			name = Frameworks;
			sourceTree = "<group>";
		};
		CE161C1514D5AAF800B8C7DE /* pixel painter */ = {
			isa = PBXGroup;
			children = (
				A24FB3FF14F64CAD00CB1143 /* DOConstants.h */,
				CE62227214F4429600B94622 /* DOPixelPainterModel.h */,
				CE62227314F4429600B94622 /* DOPixelPainterModel.m */,
				CE7FE17814E1D68200DB367B /* DOPixelPainterViewContoller.h */,
				CE7FE17914E1D68200DB367B /* DOPixelPainterViewContoller.m */,
				CE161C1E14D5AAF800B8C7DE /* DOAppDelegate.h */,
				CE161C1F14D5AAF800B8C7DE /* DOAppDelegate.m */,
				CE6D7A2C14EF00DC00D707E4 /* DONavigationView.h */,
				CE6D7A2D14EF00DC00D707E4 /* DONavigationView.m */,
				A214F74314F534F700D71C06 /* DOColorPickerView.h */,
				A214F74414F534F700D71C06 /* DOColorPickerView.m */,
				A214F74614F538E400D71C06 /* DOFileSettingsView.h */,
				A214F74714F538E400D71C06 /* DOFileSettingsView.m */,
				A214F74C14F53F7300D71C06 /* DOSubviewManager.h */,
				A214F74D14F53F7300D71C06 /* DOSubviewManager.m */,
				CE73F70B14F59FBE003B9C12 /* DOColorPreviewView.h */,
				CE73F70C14F59FBE003B9C12 /* DOColorPreviewView.m */,
				A24FB40914F6851300CB1143 /* DODrawingView.h */,
				A24FB40A14F6851400CB1143 /* DODrawingView.m */,
				CE73F70114F59A0D003B9C12 /* GradientView.h */,
				CE73F70214F59A0D003B9C12 /* GradientView.m */,
				CE73F70514F59C37003B9C12 /* UIColor-HSVAdditions.m */,
				CE73F70614F59C37003B9C12 /* UIColor-HSVAdditions.h */,
				CE73F70814F59C4F003B9C12 /* UIColor-Expanded.h */,
				CE73F70914F59C4F003B9C12 /* UIColor-Expanded.m */,
				CE27CAFE14D9F57000500778 /* UIImageView-ColorUtils.h */,
				CE27CAFF14D9F57000500778 /* UIImageView-ColorUtils.m */,
				CE161C2114D5AAF800B8C7DE /* MainStoryboard.storyboard */,
				CE161C1614D5AAF800B8C7DE /* Supporting Files */,
				CE8D449E15CF1B5700DDA6D4 /* DOColorPickerViewController.h */,
				CE8D449F15CF1B5700DDA6D4 /* DOColorPickerViewController.m */,
				CE8D44A215CF1C7500DDA6D4 /* DOColorPickerViewController.xib */,
			);
			path = "pixel painter";
			sourceTree = "<group>";
		};
		CE161C1614D5AAF800B8C7DE /* Supporting Files */ = {
			isa = PBXGroup;
			children = (
				A2CBA871151A0E2500F88A79 /* lIconPixelPainter.png */,
				A2CBA8661519E11D00F88A79 /* rLaunchImage.png */,
				A2CBA8671519E11D00F88A79 /* sLaunchImage.png */,
				A2C594FC1518864D00678AAC /* rIconPosition.png */,
				A2C594FD1518864D00678AAC /* rIconPositionActive.png */,
				A25E1F9515175DF500E9314E /* rIconResize.png */,
				A2B2C6F815134C680037A0B3 /* rIconNewFile.png */,
				A21BDD2715124D6F00BE59D8 /* rBackgroundTile.png */,
				A2F6BF08150FC0200077CE5B /* rIconErase.png */,
				A2F6BF09150FC0200077CE5B /* rIconEraseSelected.png */,
				A2F6BF06150FB0090077CE5B /* rIconGeneric.png */,
				A2F6BEFD150F5F630077CE5B /* rIconPen.png */,
				A2F6BEFE150F5F630077CE5B /* rIconPenSelected.png */,
				A2F6BEFF150F5F640077CE5B /* rColorBackgroundTransparent.png */,
				A2F6BF00150F5F640077CE5B /* rIconTransparent.png */,
				A2980564150E4036007A83F9 /* rIconPull.png */,
				A2980565150E4036007A83F9 /* rIconSave.png */,
				A20B733F150A5463003BA628 /* rIconPicker.png */,
				A20B7340150A5463003BA628 /* rIconPickerSelected.png */,
				A24FB40514F67C6400CB1143 /* colorspectrum.fla */,
				A24FB40614F67C6400CB1143 /* colorspectrum.swf */,
				A2BF88521508E548007AA803 /* rFolder.png */,
				A2BF88531508E548007AA803 /* rFolderButtonClose.png */,
				A2BF88541508E548007AA803 /* rFolderButtonOpen.png */,
				A2AEDCC214F3FB31000BD340 /* first.png */,
				A2AEDCC314F3FB31000BD340 /* first@2x.png */,
				A2AEDCC414F3FB31000BD340 /* rColorMap.png */,
				A2AEDCC514F3FB31000BD340 /* rFolderClose.png */,
				A2AEDCC614F3FB31000BD340 /* rFolderOpen.png */,
				A2AEDCC714F3FB31000BD340 /* rIconColor.png */,
				A2AEDCC814F3FB31000BD340 /* rIconColorPicker.png */,
				A2AEDCC914F3FB31000BD340 /* rIconColorPickerHorizontal.png */,
				A2AEDCCA14F3FB31000BD340 /* rIconColorSelected.png */,
				A2AEDCCB14F3FB31000BD340 /* rIconFile.png */,
				A2AEDCCC14F3FB31000BD340 /* rIconFileSelected.png */,
				A2AEDCCD14F3FB31000BD340 /* rIconMoveActive.png */,
				A2AEDCCE14F3FB31000BD340 /* rIconMoveInactive.png */,
				A2AEDCCF14F3FB31000BD340 /* rIconMoveSelected.png */,
				A2AEDCD114F3FB31000BD340 /* rIconZoomIn.png */,
				A2AEDCD214F3FB31000BD340 /* rIconZoomInSelected.png */,
				A2AEDCD314F3FB31000BD340 /* rIconZoomOut.png */,
				A2AEDCD414F3FB31000BD340 /* rIconZoomOutSelected.png */,
				A2AEDCD514F3FB31000BD340 /* rSeparator.png */,
				A2AEDCD614F3FB31000BD340 /* second.png */,
				A2AEDCD714F3FB31000BD340 /* second@2x.png */,
				CE7BEE2E14E47EC90011D567 /* pixel-painter.psd */,
				CE161C1714D5AAF800B8C7DE /* pixel painter-Info.plist */,
				CE161C1814D5AAF800B8C7DE /* InfoPlist.strings */,
				CE161C1B14D5AAF800B8C7DE /* main.m */,
				CE161C1D14D5AAF800B8C7DE /* pixel painter-Prefix.pch */,
			);
			name = "Supporting Files";
			sourceTree = "<group>";
		};
/* End PBXGroup section */

/* Begin PBXNativeTarget section */
		CE161C0A14D5AAF800B8C7DE /* pixel painter */ = {
			isa = PBXNativeTarget;
			buildConfigurationList = CE161C3414D5AAF800B8C7DE /* Build configuration list for PBXNativeTarget "pixel painter" */;
			buildPhases = (
				CE161C0714D5AAF800B8C7DE /* Sources */,
				CE161C0814D5AAF800B8C7DE /* Frameworks */,
				CE161C0914D5AAF800B8C7DE /* Resources */,
			);
			buildRules = (
			);
			dependencies = (
			);
			name = "pixel painter";
			productName = "pixel painter";
			productReference = CE161C0B14D5AAF800B8C7DE /* pixel painter.app */;
			productType = "com.apple.product-type.application";
		};
/* End PBXNativeTarget section */

/* Begin PBXProject section */
		CE161C0214D5AAF800B8C7DE /* Project object */ = {
			isa = PBXProject;
			attributes = {
				LastUpgradeCheck = 0430;
			};
			buildConfigurationList = CE161C0514D5AAF800B8C7DE /* Build configuration list for PBXProject "pixel painter" */;
			compatibilityVersion = "Xcode 3.2";
			developmentRegion = English;
			hasScannedForEncodings = 0;
			knownRegions = (
				en,
			);
			mainGroup = CE161C0014D5AAF800B8C7DE;
			productRefGroup = CE161C0C14D5AAF800B8C7DE /* Products */;
			projectDirPath = "";
			projectRoot = "";
			targets = (
				CE161C0A14D5AAF800B8C7DE /* pixel painter */,
			);
		};
/* End PBXProject section */

/* Begin PBXResourcesBuildPhase section */
		CE161C0914D5AAF800B8C7DE /* Resources */ = {
			isa = PBXResourcesBuildPhase;
			buildActionMask = 2147483647;
			files = (
				CE161C1A14D5AAF800B8C7DE /* InfoPlist.strings in Resources */,
				CE7BEE3B14E47EC90011D567 /* pixel-painter.psd in Resources */,
				A2AEDCD914F3FB31000BD340 /* first.png in Resources */,
				A2AEDCDA14F3FB31000BD340 /* first@2x.png in Resources */,
				A2AEDCDB14F3FB31000BD340 /* rColorMap.png in Resources */,
				A2AEDCDC14F3FB31000BD340 /* rFolderClose.png in Resources */,
				A2AEDCDD14F3FB31000BD340 /* rFolderOpen.png in Resources */,
				A2AEDCDE14F3FB31000BD340 /* rIconColor.png in Resources */,
				A2AEDCDF14F3FB31000BD340 /* rIconColorPicker.png in Resources */,
				A2AEDCE014F3FB31000BD340 /* rIconColorPickerHorizontal.png in Resources */,
				A2AEDCE114F3FB31000BD340 /* rIconColorSelected.png in Resources */,
				A2AEDCE214F3FB31000BD340 /* rIconFile.png in Resources */,
				A2AEDCE314F3FB31000BD340 /* rIconFileSelected.png in Resources */,
				A2AEDCE414F3FB31000BD340 /* rIconMoveActive.png in Resources */,
				A2AEDCE514F3FB31000BD340 /* rIconMoveInactive.png in Resources */,
				A2AEDCE614F3FB31000BD340 /* rIconMoveSelected.png in Resources */,
				A2AEDCE814F3FB31000BD340 /* rIconZoomIn.png in Resources */,
				A2AEDCE914F3FB31000BD340 /* rIconZoomInSelected.png in Resources */,
				A2AEDCEA14F3FB31000BD340 /* rIconZoomOut.png in Resources */,
				A2AEDCEB14F3FB31000BD340 /* rIconZoomOutSelected.png in Resources */,
				A2AEDCEC14F3FB31000BD340 /* rSeparator.png in Resources */,
				A2AEDCED14F3FB31000BD340 /* second.png in Resources */,
				A2AEDCEE14F3FB31000BD340 /* second@2x.png in Resources */,
				A24FB40714F67C6400CB1143 /* colorspectrum.fla in Resources */,
				A24FB40814F67C6400CB1143 /* colorspectrum.swf in Resources */,
				A2BF88551508E548007AA803 /* rFolder.png in Resources */,
				A2BF88561508E548007AA803 /* rFolderButtonClose.png in Resources */,
				A2BF88571508E548007AA803 /* rFolderButtonOpen.png in Resources */,
				A20B7341150A5464003BA628 /* rIconPicker.png in Resources */,
				A20B7342150A5464003BA628 /* rIconPickerSelected.png in Resources */,
				A2980566150E4036007A83F9 /* rIconPull.png in Resources */,
				A2980567150E4036007A83F9 /* rIconSave.png in Resources */,
				A2F6BF01150F5F640077CE5B /* rIconPen.png in Resources */,
				A2F6BF02150F5F640077CE5B /* rIconPenSelected.png in Resources */,
				A2F6BF03150F5F640077CE5B /* rColorBackgroundTransparent.png in Resources */,
				A2F6BF04150F5F640077CE5B /* rIconTransparent.png in Resources */,
				A2F6BF07150FB0090077CE5B /* rIconGeneric.png in Resources */,
				A2F6BF0A150FC0200077CE5B /* rIconErase.png in Resources */,
				A2F6BF0B150FC0200077CE5B /* rIconEraseSelected.png in Resources */,
				A21BDD2815124D6F00BE59D8 /* rBackgroundTile.png in Resources */,
				A2B2C6F915134C680037A0B3 /* rIconNewFile.png in Resources */,
				A25E1F9615175DF500E9314E /* rIconResize.png in Resources */,
				A2C594FE1518864D00678AAC /* rIconPosition.png in Resources */,
				A2C594FF1518864D00678AAC /* rIconPositionActive.png in Resources */,
				A2CBA8681519E11D00F88A79 /* rLaunchImage.png in Resources */,
				A2CBA8691519E11D00F88A79 /* sLaunchImage.png in Resources */,
				A2CBA86E1519E18400F88A79 /* Default@2x.png in Resources */,
				A2CBA8701519E18700F88A79 /* Default.png in Resources */,
				A2CBA872151A0E2500F88A79 /* lIconPixelPainter.png in Resources */,
				A2CBA87C151A1C5A00F88A79 /* appIconPixelPainter-57x57.png in Resources */,
				A2CBA87E151A1C6000F88A79 /* appIconPixelPainter-114x114.png in Resources */,
				CEFF48A91524C64E007CA97C /* MainStoryboard.storyboard in Resources */,
				CE8D44A315CF1C7500DDA6D4 /* DOColorPickerViewController.xib in Resources */,
			);
			runOnlyForDeploymentPostprocessing = 0;
		};
/* End PBXResourcesBuildPhase section */

/* Begin PBXSourcesBuildPhase section */
		CE161C0714D5AAF800B8C7DE /* Sources */ = {
			isa = PBXSourcesBuildPhase;
			buildActionMask = 2147483647;
			files = (
				CE161C1C14D5AAF800B8C7DE /* main.m in Sources */,
				CE161C2014D5AAF800B8C7DE /* DOAppDelegate.m in Sources */,
				CE27CB0014D9F57000500778 /* UIImageView-ColorUtils.m in Sources */,
				CE7FE17B14E1D68200DB367B /* DOPixelPainterViewContoller.m in Sources */,
				CE6D7A2E14EF00DC00D707E4 /* DONavigationView.m in Sources */,
				CE62227414F4429600B94622 /* DOPixelPainterModel.m in Sources */,
				A214F74514F534F700D71C06 /* DOColorPickerView.m in Sources */,
				A214F74814F538E400D71C06 /* DOFileSettingsView.m in Sources */,
				A214F74E14F53F7300D71C06 /* DOSubviewManager.m in Sources */,
				CE73F70314F59A0D003B9C12 /* GradientView.m in Sources */,
				CE73F70714F59C37003B9C12 /* UIColor-HSVAdditions.m in Sources */,
				CE73F70A14F59C4F003B9C12 /* UIColor-Expanded.m in Sources */,
				CE73F70D14F59FBE003B9C12 /* DOColorPreviewView.m in Sources */,
				A24FB40B14F6851500CB1143 /* DODrawingView.m in Sources */,
				CE8D44A015CF1B5700DDA6D4 /* DOColorPickerViewController.m in Sources */,
			);
			runOnlyForDeploymentPostprocessing = 0;
		};
/* End PBXSourcesBuildPhase section */

/* Begin PBXVariantGroup section */
		CE161C1814D5AAF800B8C7DE /* InfoPlist.strings */ = {
			isa = PBXVariantGroup;
			children = (
				CE161C1914D5AAF800B8C7DE /* en */,
			);
			name = InfoPlist.strings;
			sourceTree = "<group>";
		};
		CE161C2114D5AAF800B8C7DE /* MainStoryboard.storyboard */ = {
			isa = PBXVariantGroup;
			children = (
				CE161C2214D5AAF800B8C7DE /* en */,
			);
			name = MainStoryboard.storyboard;
			sourceTree = "<group>";
		};
/* End PBXVariantGroup section */

/* Begin XCBuildConfiguration section */
		CE161C3214D5AAF800B8C7DE /* Debug */ = {
			isa = XCBuildConfiguration;
			buildSettings = {
				ALWAYS_SEARCH_USER_PATHS = NO;
				ARCHS = "$(ARCHS_STANDARD_32_BIT)";
				CLANG_ENABLE_OBJC_ARC = YES;
				CODE_SIGN_IDENTITY = "iPhone Developer";
				"CODE_SIGN_IDENTITY[sdk=iphoneos*]" = "iPhone Developer";
				COMPRESS_PNG_FILES = NO;
				COPY_PHASE_STRIP = NO;
				GCC_C_LANGUAGE_STANDARD = gnu99;
				GCC_DYNAMIC_NO_PIC = NO;
				GCC_OPTIMIZATION_LEVEL = 0;
				GCC_PREPROCESSOR_DEFINITIONS = (
					"DEBUG=1",
					"$(inherited)",
				);
				GCC_SYMBOLS_PRIVATE_EXTERN = NO;
				GCC_VERSION = "";
				GCC_WARN_ABOUT_MISSING_PROTOTYPES = YES;
				GCC_WARN_ABOUT_RETURN_TYPE = YES;
				GCC_WARN_UNUSED_VARIABLE = YES;
				IPHONEOS_DEPLOYMENT_TARGET = 5.0;
				PROVISIONING_PROFILE = "";
				SDKROOT = iphoneos;
				VALIDATE_PRODUCT = YES;
			};
			name = Debug;
		};
		CE161C3314D5AAF800B8C7DE /* Release */ = {
			isa = XCBuildConfiguration;
			buildSettings = {
				ALWAYS_SEARCH_USER_PATHS = NO;
				ARCHS = "$(ARCHS_STANDARD_32_BIT)";
				CLANG_ENABLE_OBJC_ARC = YES;
				CODE_SIGN_IDENTITY = "iPhone Developer";
				"CODE_SIGN_IDENTITY[sdk=iphoneos*]" = "iPhone Developer";
				COMPRESS_PNG_FILES = NO;
				COPY_PHASE_STRIP = YES;
				GCC_C_LANGUAGE_STANDARD = gnu99;
				GCC_VERSION = "";
				GCC_WARN_ABOUT_MISSING_PROTOTYPES = YES;
				GCC_WARN_ABOUT_RETURN_TYPE = YES;
				GCC_WARN_UNUSED_VARIABLE = YES;
				IPHONEOS_DEPLOYMENT_TARGET = 5.0;
				OTHER_CFLAGS = "-DNS_BLOCK_ASSERTIONS=1";
				PROVISIONING_PROFILE = "";
				"PROVISIONING_PROFILE[sdk=iphoneos*]" = "";
				SDKROOT = iphoneos;
				VALIDATE_PRODUCT = YES;
			};
			name = Release;
		};
		CE161C3514D5AAF800B8C7DE /* Debug */ = {
			isa = XCBuildConfiguration;
			buildSettings = {
				CODE_SIGN_IDENTITY = "iPhone Developer";
				GCC_PRECOMPILE_PREFIX_HEADER = YES;
				GCC_PREFIX_HEADER = "pixel painter/pixel painter-Prefix.pch";
				INFOPLIST_FILE = "pixel painter/pixel painter-Info.plist";
				IPHONEOS_DEPLOYMENT_TARGET = 5.0;
				PRODUCT_NAME = "$(TARGET_NAME)";
				PROVISIONING_PROFILE = "";
				TARGETED_DEVICE_FAMILY = 1;
				WRAPPER_EXTENSION = app;
			};
			name = Debug;
		};
		CE161C3614D5AAF800B8C7DE /* Release */ = {
			isa = XCBuildConfiguration;
			buildSettings = {
				CODE_SIGN_IDENTITY = "iPhone Developer";
				GCC_PRECOMPILE_PREFIX_HEADER = YES;
				GCC_PREFIX_HEADER = "pixel painter/pixel painter-Prefix.pch";
				INFOPLIST_FILE = "pixel painter/pixel painter-Info.plist";
				IPHONEOS_DEPLOYMENT_TARGET = 5.0;
				PRODUCT_NAME = "$(TARGET_NAME)";
				PROVISIONING_PROFILE = "";
				TARGETED_DEVICE_FAMILY = 1;
				WRAPPER_EXTENSION = app;
			};
			name = Release;
		};
		CE1C4F24151A8B4E00712C3C /* Distribution */ = {
			isa = XCBuildConfiguration;
			buildSettings = {
				ALWAYS_SEARCH_USER_PATHS = NO;
				ARCHS = "$(ARCHS_STANDARD_32_BIT)";
				CLANG_ENABLE_OBJC_ARC = YES;
				CODE_SIGN_IDENTITY = "iPhone Distribution";
				"CODE_SIGN_IDENTITY[sdk=iphoneos*]" = "iPhone Distribution";
				COPY_PHASE_STRIP = YES;
				GCC_C_LANGUAGE_STANDARD = gnu99;
				GCC_VERSION = "";
				GCC_WARN_ABOUT_MISSING_PROTOTYPES = YES;
				GCC_WARN_ABOUT_RETURN_TYPE = YES;
				GCC_WARN_UNUSED_VARIABLE = YES;
				IPHONEOS_DEPLOYMENT_TARGET = 5.0;
				OTHER_CFLAGS = "-DNS_BLOCK_ASSERTIONS=1";
				PROVISIONING_PROFILE = "";
				"PROVISIONING_PROFILE[sdk=iphoneos*]" = "";
				SDKROOT = iphoneos;
				VALIDATE_PRODUCT = YES;
			};
			name = Distribution;
		};
		CE1C4F25151A8B4E00712C3C /* Distribution */ = {
			isa = XCBuildConfiguration;
			buildSettings = {
				CODE_SIGN_IDENTITY = "iPhone Distribution";
				COMPRESS_PNG_FILES = NO;
				GCC_PRECOMPILE_PREFIX_HEADER = YES;
				GCC_PREFIX_HEADER = "pixel painter/pixel painter-Prefix.pch";
				INFOPLIST_FILE = "pixel painter/pixel painter-Info.plist";
				IPHONEOS_DEPLOYMENT_TARGET = 5.0;
				PRODUCT_NAME = "$(TARGET_NAME)";
				PROVISIONING_PROFILE = "";
				TARGETED_DEVICE_FAMILY = 1;
				WRAPPER_EXTENSION = app;
			};
			name = Distribution;
		};
/* End XCBuildConfiguration section */

/* Begin XCConfigurationList section */
		CE161C0514D5AAF800B8C7DE /* Build configuration list for PBXProject "pixel painter" */ = {
			isa = XCConfigurationList;
			buildConfigurations = (
				CE161C3214D5AAF800B8C7DE /* Debug */,
				CE161C3314D5AAF800B8C7DE /* Release */,
				CE1C4F24151A8B4E00712C3C /* Distribution */,
			);
			defaultConfigurationIsVisible = 0;
			defaultConfigurationName = Release;
		};
		CE161C3414D5AAF800B8C7DE /* Build configuration list for PBXNativeTarget "pixel painter" */ = {
			isa = XCConfigurationList;
			buildConfigurations = (
				CE161C3514D5AAF800B8C7DE /* Debug */,
				CE161C3614D5AAF800B8C7DE /* Release */,
				CE1C4F25151A8B4E00712C3C /* Distribution */,
			);
			defaultConfigurationIsVisible = 0;
			defaultConfigurationName = Release;
		};
/* End XCConfigurationList section */
	};
	rootObject = CE161C0214D5AAF800B8C7DE /* Project object */;
}
