// !$*UTF8*$!
{
	archiveVersion = 1;
	classes = {
	};
	objectVersion = 46;
	objects = {

/* Begin PBXBuildFile section */
		A20B7341150A5464003BA628 /* rIconPicker.png in Resources */ = {isa = PBXBuildFile; fileRef = A20B733F150A5463003BA628 /* rIconPicker.png */; };
		A20B7342150A5464003BA628 /* rIconPickerSelected.png in Resources */ = {isa = PBXBuildFile; fileRef = A20B7340150A5463003BA628 /* rIconPickerSelected.png */; };
		A214F74214F534BA00D71C06 /* DOSubviewContainerView.m in Sources */ = {isa = PBXBuildFile; fileRef = A214F74114F534BA00D71C06 /* DOSubviewContainerView.m */; };
		A214F74514F534F700D71C06 /* DOColorPickerView.m in Sources */ = {isa = PBXBuildFile; fileRef = A214F74414F534F700D71C06 /* DOColorPickerView.m */; };
		A214F74814F538E400D71C06 /* DOFileSettingsView.m in Sources */ = {isa = PBXBuildFile; fileRef = A214F74714F538E400D71C06 /* DOFileSettingsView.m */; };
		A214F74E14F53F7300D71C06 /* DOSubviewManager.m in Sources */ = {isa = PBXBuildFile; fileRef = A214F74D14F53F7300D71C06 /* DOSubviewManager.m */; };
		A24FB40414F65A3700CB1143 /* DOColorMapView.m in Sources */ = {isa = PBXBuildFile; fileRef = A24FB40314F65A3700CB1143 /* DOColorMapView.m */; };
		A24FB40714F67C6400CB1143 /* colorspectrum.fla in Resources */ = {isa = PBXBuildFile; fileRef = A24FB40514F67C6400CB1143 /* colorspectrum.fla */; };
		A24FB40814F67C6400CB1143 /* colorspectrum.swf in Resources */ = {isa = PBXBuildFile; fileRef = A24FB40614F67C6400CB1143 /* colorspectrum.swf */; };
		A24FB40B14F6851500CB1143 /* DODrawingView.m in Sources */ = {isa = PBXBuildFile; fileRef = A24FB40A14F6851400CB1143 /* DODrawingView.m */; };
		A2980566150E4036007A83F9 /* rIconPull.png in Resources */ = {isa = PBXBuildFile; fileRef = A2980564150E4036007A83F9 /* rIconPull.png */; };
		A2980567150E4036007A83F9 /* rIconSave.png in Resources */ = {isa = PBXBuildFile; fileRef = A2980565150E4036007A83F9 /* rIconSave.png */; };
		A2AEDCD914F3FB31000BD340 /* first.png in Resources */ = {isa = PBXBuildFile; fileRef = A2AEDCC214F3FB31000BD340 /* first.png */; };
		A2AEDCDA14F3FB31000BD340 /* first@2x.png in Resources */ = {isa = PBXBuildFile; fileRef = A2AEDCC314F3FB31000BD340 /* first@2x.png */; };
		A2AEDCDB14F3FB31000BD340 /* rColorMap.png in Resources */ = {isa = PBXBuildFile; fileRef = A2AEDCC414F3FB31000BD340 /* rColorMap.png */; };
		A2AEDCDC14F3FB31000BD340 /* rFolderClose.png in Resources */ = {isa = PBXBuildFile; fileRef = A2AEDCC514F3FB31000BD340 /* rFolderClose.png */; };
		A2AEDCDD14F3FB31000BD340 /* rFolderOpen.png in Resources */ = {isa = PBXBuildFile; fileRef = A2AEDCC614F3FB31000BD340 /* rFolderOpen.png */; };
		A2AEDCDE14F3FB31000BD340 /* rIconColor.png in Resources */ = {isa = PBXBuildFile; fileRef = A2AEDCC714F3FB31000BD340 /* rIconColor.png */; };
		A2AEDCDF14F3FB31000BD340 /* rIconColorPicker.png in Resources */ = {isa = PBXBuildFile; fileRef = A2AEDCC814F3FB31000BD340 /* rIconColorPicker.png */; };
		A2AEDCE014F3FB31000BD340 /* rIconColorPickerHorizontal.png in Resources */ = {isa = PBXBuildFile; fileRef = A2AEDCC914F3FB31000BD340 /* rIconColorPickerHorizontal.png */; };
		A2AEDCE114F3FB31000BD340 /* rIconColorSelected.png in Resources */ = {isa = PBXBuildFile; fileRef = A2AEDCCA14F3FB31000BD340 /* rIconColorSelected.png */; };
		A2AEDCE214F3FB31000BD340 /* rIconFile.png in Resources */ = {isa = PBXBuildFile; fileRef = A2AEDCCB14F3FB31000BD340 /* rIconFile.png */; };
		A2AEDCE314F3FB31000BD340 /* rIconFileSelected.png in Resources */ = {isa = PBXBuildFile; fileRef = A2AEDCCC14F3FB31000BD340 /* rIconFileSelected.png */; };
		A2AEDCE414F3FB31000BD340 /* rIconMoveActive.png in Resources */ = {isa = PBXBuildFile; fileRef = A2AEDCCD14F3FB31000BD340 /* rIconMoveActive.png */; };
		A2AEDCE514F3FB31000BD340 /* rIconMoveInactive.png in Resources */ = {isa = PBXBuildFile; fileRef = A2AEDCCE14F3FB31000BD340 /* rIconMoveInactive.png */; };
		A2AEDCE614F3FB31000BD340 /* rIconMoveSelected.png in Resources */ = {isa = PBXBuildFile; fileRef = A2AEDCCF14F3FB31000BD340 /* rIconMoveSelected.png */; };
		A2AEDCE714F3FB31000BD340 /* rIconPixelPainter.png in Resources */ = {isa = PBXBuildFile; fileRef = A2AEDCD014F3FB31000BD340 /* rIconPixelPainter.png */; };
		A2AEDCE814F3FB31000BD340 /* rIconZoomIn.png in Resources */ = {isa = PBXBuildFile; fileRef = A2AEDCD114F3FB31000BD340 /* rIconZoomIn.png */; };
		A2AEDCE914F3FB31000BD340 /* rIconZoomInSelected.png in Resources */ = {isa = PBXBuildFile; fileRef = A2AEDCD214F3FB31000BD340 /* rIconZoomInSelected.png */; };
		A2AEDCEA14F3FB31000BD340 /* rIconZoomOut.png in Resources */ = {isa = PBXBuildFile; fileRef = A2AEDCD314F3FB31000BD340 /* rIconZoomOut.png */; };
		A2AEDCEB14F3FB31000BD340 /* rIconZoomOutSelected.png in Resources */ = {isa = PBXBuildFile; fileRef = A2AEDCD414F3FB31000BD340 /* rIconZoomOutSelected.png */; };
		A2AEDCEC14F3FB31000BD340 /* rSeparator.png in Resources */ = {isa = PBXBuildFile; fileRef = A2AEDCD514F3FB31000BD340 /* rSeparator.png */; };
		A2AEDCED14F3FB31000BD340 /* second.png in Resources */ = {isa = PBXBuildFile; fileRef = A2AEDCD614F3FB31000BD340 /* second.png */; };
		A2AEDCEE14F3FB31000BD340 /* second@2x.png in Resources */ = {isa = PBXBuildFile; fileRef = A2AEDCD714F3FB31000BD340 /* second@2x.png */; };
		A2AEDCEF14F3FB31000BD340 /* sIconPixelPainter.png in Resources */ = {isa = PBXBuildFile; fileRef = A2AEDCD814F3FB31000BD340 /* sIconPixelPainter.png */; };
		A2BF88551508E548007AA803 /* rFolder.png in Resources */ = {isa = PBXBuildFile; fileRef = A2BF88521508E548007AA803 /* rFolder.png */; };
		A2BF88561508E548007AA803 /* rFolderButtonClose.png in Resources */ = {isa = PBXBuildFile; fileRef = A2BF88531508E548007AA803 /* rFolderButtonClose.png */; };
		A2BF88571508E548007AA803 /* rFolderButtonOpen.png in Resources */ = {isa = PBXBuildFile; fileRef = A2BF88541508E548007AA803 /* rFolderButtonOpen.png */; };
		CE161C1014D5AAF800B8C7DE /* UIKit.framework in Frameworks */ = {isa = PBXBuildFile; fileRef = CE161C0F14D5AAF800B8C7DE /* UIKit.framework */; };
		CE161C1214D5AAF800B8C7DE /* Foundation.framework in Frameworks */ = {isa = PBXBuildFile; fileRef = CE161C1114D5AAF800B8C7DE /* Foundation.framework */; };
		CE161C1414D5AAF800B8C7DE /* CoreGraphics.framework in Frameworks */ = {isa = PBXBuildFile; fileRef = CE161C1314D5AAF800B8C7DE /* CoreGraphics.framework */; };
		CE161C1A14D5AAF800B8C7DE /* InfoPlist.strings in Resources */ = {isa = PBXBuildFile; fileRef = CE161C1814D5AAF800B8C7DE /* InfoPlist.strings */; };
		CE161C1C14D5AAF800B8C7DE /* main.m in Sources */ = {isa = PBXBuildFile; fileRef = CE161C1B14D5AAF800B8C7DE /* main.m */; };
		CE161C2014D5AAF800B8C7DE /* DOAppDelegate.m in Sources */ = {isa = PBXBuildFile; fileRef = CE161C1F14D5AAF800B8C7DE /* DOAppDelegate.m */; };
		CE161C2314D5AAF800B8C7DE /* MainStoryboard.storyboard in Resources */ = {isa = PBXBuildFile; fileRef = CE161C2114D5AAF800B8C7DE /* MainStoryboard.storyboard */; };
		CE27CB0014D9F57000500778 /* UIImageView-ColorUtils.m in Sources */ = {isa = PBXBuildFile; fileRef = CE27CAFF14D9F57000500778 /* UIImageView-ColorUtils.m */; };
		CE62227414F4429600B94622 /* DOPixelPainterModel.m in Sources */ = {isa = PBXBuildFile; fileRef = CE62227314F4429600B94622 /* DOPixelPainterModel.m */; };
		CE6D7A2E14EF00DC00D707E4 /* DONavigationView.m in Sources */ = {isa = PBXBuildFile; fileRef = CE6D7A2D14EF00DC00D707E4 /* DONavigationView.m */; };
		CE70CE1C14FD76520024B002 /* QuartzCore.framework in Frameworks */ = {isa = PBXBuildFile; fileRef = CE70CE1B14FD76520024B002 /* QuartzCore.framework */; };
		CE7160BD14FA45D100A577B7 /* DOScrollView.m in Sources */ = {isa = PBXBuildFile; fileRef = CE7160BC14FA45D100A577B7 /* DOScrollView.m */; };
		CE73F70314F59A0D003B9C12 /* GradientView.m in Sources */ = {isa = PBXBuildFile; fileRef = CE73F70214F59A0D003B9C12 /* GradientView.m */; };
		CE73F70714F59C37003B9C12 /* UIColor-HSVAdditions.m in Sources */ = {isa = PBXBuildFile; fileRef = CE73F70514F59C37003B9C12 /* UIColor-HSVAdditions.m */; };
		CE73F70A14F59C4F003B9C12 /* UIColor-Expanded.m in Sources */ = {isa = PBXBuildFile; fileRef = CE73F70914F59C4F003B9C12 /* UIColor-Expanded.m */; };
		CE73F70D14F59FBE003B9C12 /* DOColorPreviewView.m in Sources */ = {isa = PBXBuildFile; fileRef = CE73F70C14F59FBE003B9C12 /* DOColorPreviewView.m */; };
		CE7BEE3B14E47EC90011D567 /* pixel-painter.psd in Resources */ = {isa = PBXBuildFile; fileRef = CE7BEE2E14E47EC90011D567 /* pixel-painter.psd */; };
		CE7FE17B14E1D68200DB367B /* DOPixelPainterViewContoller.m in Sources */ = {isa = PBXBuildFile; fileRef = CE7FE17914E1D68200DB367B /* DOPixelPainterViewContoller.m */; };
/* End PBXBuildFile section */

/* Begin PBXFileReference section */
		A20B733F150A5463003BA628 /* rIconPicker.png */ = {isa = PBXFileReference; lastKnownFileType = image.png; path = rIconPicker.png; sourceTree = "<group>"; };
		A20B7340150A5463003BA628 /* rIconPickerSelected.png */ = {isa = PBXFileReference; lastKnownFileType = image.png; path = rIconPickerSelected.png; sourceTree = "<group>"; };
		A214F74014F534BA00D71C06 /* DOSubviewContainerView.h */ = {isa = PBXFileReference; fileEncoding = 4; lastKnownFileType = sourcecode.c.h; path = DOSubviewContainerView.h; sourceTree = "<group>"; };
		A214F74114F534BA00D71C06 /* DOSubviewContainerView.m */ = {isa = PBXFileReference; fileEncoding = 4; lastKnownFileType = sourcecode.c.objc; path = DOSubviewContainerView.m; sourceTree = "<group>"; };
		A214F74314F534F700D71C06 /* DOColorPickerView.h */ = {isa = PBXFileReference; fileEncoding = 4; lastKnownFileType = sourcecode.c.h; path = DOColorPickerView.h; sourceTree = "<group>"; };
		A214F74414F534F700D71C06 /* DOColorPickerView.m */ = {isa = PBXFileReference; fileEncoding = 4; lastKnownFileType = sourcecode.c.objc; path = DOColorPickerView.m; sourceTree = "<group>"; };
		A214F74614F538E400D71C06 /* DOFileSettingsView.h */ = {isa = PBXFileReference; fileEncoding = 4; lastKnownFileType = sourcecode.c.h; path = DOFileSettingsView.h; sourceTree = "<group>"; };
		A214F74714F538E400D71C06 /* DOFileSettingsView.m */ = {isa = PBXFileReference; fileEncoding = 4; lastKnownFileType = sourcecode.c.objc; path = DOFileSettingsView.m; sourceTree = "<group>"; };
		A214F74C14F53F7300D71C06 /* DOSubviewManager.h */ = {isa = PBXFileReference; fileEncoding = 4; lastKnownFileType = sourcecode.c.h; path = DOSubviewManager.h; sourceTree = "<group>"; };
		A214F74D14F53F7300D71C06 /* DOSubviewManager.m */ = {isa = PBXFileReference; fileEncoding = 4; lastKnownFileType = sourcecode.c.objc; path = DOSubviewManager.m; sourceTree = "<group>"; };
		A24FB3FF14F64CAD00CB1143 /* DOConstants.h */ = {isa = PBXFileReference; fileEncoding = 4; lastKnownFileType = sourcecode.c.h; path = DOConstants.h; sourceTree = "<group>"; };
		A24FB40214F65A3600CB1143 /* DOColorMapView.h */ = {isa = PBXFileReference; fileEncoding = 4; lastKnownFileType = sourcecode.c.h; path = DOColorMapView.h; sourceTree = "<group>"; };
		A24FB40314F65A3700CB1143 /* DOColorMapView.m */ = {isa = PBXFileReference; fileEncoding = 4; lastKnownFileType = sourcecode.c.objc; path = DOColorMapView.m; sourceTree = "<group>"; };
		A24FB40514F67C6400CB1143 /* colorspectrum.fla */ = {isa = PBXFileReference; lastKnownFileType = file; path = colorspectrum.fla; sourceTree = "<group>"; };
		A24FB40614F67C6400CB1143 /* colorspectrum.swf */ = {isa = PBXFileReference; lastKnownFileType = file; path = colorspectrum.swf; sourceTree = "<group>"; };
		A24FB40914F6851300CB1143 /* DODrawingView.h */ = {isa = PBXFileReference; fileEncoding = 4; lastKnownFileType = sourcecode.c.h; path = DODrawingView.h; sourceTree = "<group>"; };
		A24FB40A14F6851400CB1143 /* DODrawingView.m */ = {isa = PBXFileReference; fileEncoding = 4; lastKnownFileType = sourcecode.c.objc; path = DODrawingView.m; sourceTree = "<group>"; };
		A2980564150E4036007A83F9 /* rIconPull.png */ = {isa = PBXFileReference; lastKnownFileType = image.png; path = rIconPull.png; sourceTree = "<group>"; };
		A2980565150E4036007A83F9 /* rIconSave.png */ = {isa = PBXFileReference; lastKnownFileType = image.png; path = rIconSave.png; sourceTree = "<group>"; };
		A2AEDCC214F3FB31000BD340 /* first.png */ = {isa = PBXFileReference; lastKnownFileType = image.png; path = first.png; sourceTree = "<group>"; };
		A2AEDCC314F3FB31000BD340 /* first@2x.png */ = {isa = PBXFileReference; lastKnownFileType = image.png; path = "first@2x.png"; sourceTree = "<group>"; };
		A2AEDCC414F3FB31000BD340 /* rColorMap.png */ = {isa = PBXFileReference; lastKnownFileType = image.png; path = rColorMap.png; sourceTree = "<group>"; };
		A2AEDCC514F3FB31000BD340 /* rFolderClose.png */ = {isa = PBXFileReference; lastKnownFileType = image.png; path = rFolderClose.png; sourceTree = "<group>"; };
		A2AEDCC614F3FB31000BD340 /* rFolderOpen.png */ = {isa = PBXFileReference; lastKnownFileType = image.png; path = rFolderOpen.png; sourceTree = "<group>"; };
		A2AEDCC714F3FB31000BD340 /* rIconColor.png */ = {isa = PBXFileReference; lastKnownFileType = image.png; path = rIconColor.png; sourceTree = "<group>"; };
		A2AEDCC814F3FB31000BD340 /* rIconColorPicker.png */ = {isa = PBXFileReference; lastKnownFileType = image.png; path = rIconColorPicker.png; sourceTree = "<group>"; };
		A2AEDCC914F3FB31000BD340 /* rIconColorPickerHorizontal.png */ = {isa = PBXFileReference; lastKnownFileType = image.png; path = rIconColorPickerHorizontal.png; sourceTree = "<group>"; };
		A2AEDCCA14F3FB31000BD340 /* rIconColorSelected.png */ = {isa = PBXFileReference; lastKnownFileType = image.png; path = rIconColorSelected.png; sourceTree = "<group>"; };
		A2AEDCCB14F3FB31000BD340 /* rIconFile.png */ = {isa = PBXFileReference; lastKnownFileType = image.png; path = rIconFile.png; sourceTree = "<group>"; };
		A2AEDCCC14F3FB31000BD340 /* rIconFileSelected.png */ = {isa = PBXFileReference; lastKnownFileType = image.png; path = rIconFileSelected.png; sourceTree = "<group>"; };
		A2AEDCCD14F3FB31000BD340 /* rIconMoveActive.png */ = {isa = PBXFileReference; lastKnownFileType = image.png; path = rIconMoveActive.png; sourceTree = "<group>"; };
		A2AEDCCE14F3FB31000BD340 /* rIconMoveInactive.png */ = {isa = PBXFileReference; lastKnownFileType = image.png; path = rIconMoveInactive.png; sourceTree = "<group>"; };
		A2AEDCCF14F3FB31000BD340 /* rIconMoveSelected.png */ = {isa = PBXFileReference; lastKnownFileType = image.png; path = rIconMoveSelected.png; sourceTree = "<group>"; };
		A2AEDCD014F3FB31000BD340 /* rIconPixelPainter.png */ = {isa = PBXFileReference; lastKnownFileType = image.png; path = rIconPixelPainter.png; sourceTree = "<group>"; };
		A2AEDCD114F3FB31000BD340 /* rIconZoomIn.png */ = {isa = PBXFileReference; lastKnownFileType = image.png; path = rIconZoomIn.png; sourceTree = "<group>"; };
		A2AEDCD214F3FB31000BD340 /* rIconZoomInSelected.png */ = {isa = PBXFileReference; lastKnownFileType = image.png; path = rIconZoomInSelected.png; sourceTree = "<group>"; };
		A2AEDCD314F3FB31000BD340 /* rIconZoomOut.png */ = {isa = PBXFileReference; lastKnownFileType = image.png; path = rIconZoomOut.png; sourceTree = "<group>"; };
		A2AEDCD414F3FB31000BD340 /* rIconZoomOutSelected.png */ = {isa = PBXFileReference; lastKnownFileType = image.png; path = rIconZoomOutSelected.png; sourceTree = "<group>"; };
		A2AEDCD514F3FB31000BD340 /* rSeparator.png */ = {isa = PBXFileReference; lastKnownFileType = image.png; path = rSeparator.png; sourceTree = "<group>"; };
		A2AEDCD614F3FB31000BD340 /* second.png */ = {isa = PBXFileReference; lastKnownFileType = image.png; path = second.png; sourceTree = "<group>"; };
		A2AEDCD714F3FB31000BD340 /* second@2x.png */ = {isa = PBXFileReference; lastKnownFileType = image.png; path = "second@2x.png"; sourceTree = "<group>"; };
		A2AEDCD814F3FB31000BD340 /* sIconPixelPainter.png */ = {isa = PBXFileReference; lastKnownFileType = image.png; path = sIconPixelPainter.png; sourceTree = "<group>"; };
		A2BF88521508E548007AA803 /* rFolder.png */ = {isa = PBXFileReference; lastKnownFileType = image.png; path = rFolder.png; sourceTree = "<group>"; };
		A2BF88531508E548007AA803 /* rFolderButtonClose.png */ = {isa = PBXFileReference; lastKnownFileType = image.png; path = rFolderButtonClose.png; sourceTree = "<group>"; };
		A2BF88541508E548007AA803 /* rFolderButtonOpen.png */ = {isa = PBXFileReference; lastKnownFileType = image.png; path = rFolderButtonOpen.png; sourceTree = "<group>"; };
		CE161C0B14D5AAF800B8C7DE /* pixel painter.app */ = {isa = PBXFileReference; explicitFileType = wrapper.application; includeInIndex = 0; path = "pixel painter.app"; sourceTree = BUILT_PRODUCTS_DIR; };
		CE161C0F14D5AAF800B8C7DE /* UIKit.framework */ = {isa = PBXFileReference; lastKnownFileType = wrapper.framework; name = UIKit.framework; path = System/Library/Frameworks/UIKit.framework; sourceTree = SDKROOT; };
		CE161C1114D5AAF800B8C7DE /* Foundation.framework */ = {isa = PBXFileReference; lastKnownFileType = wrapper.framework; name = Foundation.framework; path = System/Library/Frameworks/Foundation.framework; sourceTree = SDKROOT; };
		CE161C1314D5AAF800B8C7DE /* CoreGraphics.framework */ = {isa = PBXFileReference; lastKnownFileType = wrapper.framework; name = CoreGraphics.framework; path = System/Library/Frameworks/CoreGraphics.framework; sourceTree = SDKROOT; };
		CE161C1714D5AAF800B8C7DE /* pixel painter-Info.plist */ = {isa = PBXFileReference; lastKnownFileType = text.plist.xml; path = "pixel painter-Info.plist"; sourceTree = "<group>"; };
		CE161C1914D5AAF800B8C7DE /* en */ = {isa = PBXFileReference; lastKnownFileType = text.plist.strings; name = en; path = en.lproj/InfoPlist.strings; sourceTree = "<group>"; };
		CE161C1B14D5AAF800B8C7DE /* main.m */ = {isa = PBXFileReference; lastKnownFileType = sourcecode.c.objc; path = main.m; sourceTree = "<group>"; };
		CE161C1D14D5AAF800B8C7DE /* pixel painter-Prefix.pch */ = {isa = PBXFileReference; lastKnownFileType = sourcecode.c.h; path = "pixel painter-Prefix.pch"; sourceTree = "<group>"; };
		CE161C1E14D5AAF800B8C7DE /* DOAppDelegate.h */ = {isa = PBXFileReference; lastKnownFileType = sourcecode.c.h; path = DOAppDelegate.h; sourceTree = "<group>"; };
		CE161C1F14D5AAF800B8C7DE /* DOAppDelegate.m */ = {isa = PBXFileReference; lastKnownFileType = sourcecode.c.objc; path = DOAppDelegate.m; sourceTree = "<group>"; };
		CE161C2214D5AAF800B8C7DE /* en */ = {isa = PBXFileReference; lastKnownFileType = file.storyboard; name = en; path = en.lproj/MainStoryboard.storyboard; sourceTree = "<group>"; };
		CE27CAFE14D9F57000500778 /* UIImageView-ColorUtils.h */ = {isa = PBXFileReference; fileEncoding = 4; lastKnownFileType = sourcecode.c.h; path = "UIImageView-ColorUtils.h"; sourceTree = "<group>"; };
		CE27CAFF14D9F57000500778 /* UIImageView-ColorUtils.m */ = {isa = PBXFileReference; fileEncoding = 4; lastKnownFileType = sourcecode.c.objc; path = "UIImageView-ColorUtils.m"; sourceTree = "<group>"; };
		CE62227214F4429600B94622 /* DOPixelPainterModel.h */ = {isa = PBXFileReference; fileEncoding = 4; lastKnownFileType = sourcecode.c.h; path = DOPixelPainterModel.h; sourceTree = "<group>"; };
		CE62227314F4429600B94622 /* DOPixelPainterModel.m */ = {isa = PBXFileReference; fileEncoding = 4; lastKnownFileType = sourcecode.c.objc; path = DOPixelPainterModel.m; sourceTree = "<group>"; };
		CE6D7A2C14EF00DC00D707E4 /* DONavigationView.h */ = {isa = PBXFileReference; fileEncoding = 4; lastKnownFileType = sourcecode.c.h; path = DONavigationView.h; sourceTree = "<group>"; };
		CE6D7A2D14EF00DC00D707E4 /* DONavigationView.m */ = {isa = PBXFileReference; fileEncoding = 4; lastKnownFileType = sourcecode.c.objc; path = DONavigationView.m; sourceTree = "<group>"; };
		CE70CE1B14FD76520024B002 /* QuartzCore.framework */ = {isa = PBXFileReference; lastKnownFileType = wrapper.framework; name = QuartzCore.framework; path = System/Library/Frameworks/QuartzCore.framework; sourceTree = SDKROOT; };
		CE7160BB14FA45D000A577B7 /* DOScrollView.h */ = {isa = PBXFileReference; fileEncoding = 4; lastKnownFileType = sourcecode.c.h; path = DOScrollView.h; sourceTree = "<group>"; };
		CE7160BC14FA45D100A577B7 /* DOScrollView.m */ = {isa = PBXFileReference; fileEncoding = 4; lastKnownFileType = sourcecode.c.objc; path = DOScrollView.m; sourceTree = "<group>"; };
		CE73F70114F59A0D003B9C12 /* GradientView.h */ = {isa = PBXFileReference; fileEncoding = 4; lastKnownFileType = sourcecode.c.h; path = GradientView.h; sourceTree = "<group>"; };
		CE73F70214F59A0D003B9C12 /* GradientView.m */ = {isa = PBXFileReference; fileEncoding = 4; lastKnownFileType = sourcecode.c.objc; path = GradientView.m; sourceTree = "<group>"; };
		CE73F70514F59C37003B9C12 /* UIColor-HSVAdditions.m */ = {isa = PBXFileReference; fileEncoding = 4; lastKnownFileType = sourcecode.c.objc; path = "UIColor-HSVAdditions.m"; sourceTree = "<group>"; };
		CE73F70614F59C37003B9C12 /* UIColor-HSVAdditions.h */ = {isa = PBXFileReference; fileEncoding = 4; lastKnownFileType = sourcecode.c.h; path = "UIColor-HSVAdditions.h"; sourceTree = "<group>"; };
		CE73F70814F59C4F003B9C12 /* UIColor-Expanded.h */ = {isa = PBXFileReference; fileEncoding = 4; lastKnownFileType = sourcecode.c.h; path = "UIColor-Expanded.h"; sourceTree = "<group>"; };
		CE73F70914F59C4F003B9C12 /* UIColor-Expanded.m */ = {isa = PBXFileReference; fileEncoding = 4; lastKnownFileType = sourcecode.c.objc; path = "UIColor-Expanded.m"; sourceTree = "<group>"; };
		CE73F70B14F59FBE003B9C12 /* DOColorPreviewView.h */ = {isa = PBXFileReference; fileEncoding = 4; lastKnownFileType = sourcecode.c.h; path = DOColorPreviewView.h; sourceTree = "<group>"; };
		CE73F70C14F59FBE003B9C12 /* DOColorPreviewView.m */ = {isa = PBXFileReference; fileEncoding = 4; lastKnownFileType = sourcecode.c.objc; path = DOColorPreviewView.m; sourceTree = "<group>"; };
		CE7BEE2E14E47EC90011D567 /* pixel-painter.psd */ = {isa = PBXFileReference; lastKnownFileType = file; path = "pixel-painter.psd"; sourceTree = "<group>"; };
		CE7FE17814E1D68200DB367B /* DOPixelPainterViewContoller.h */ = {isa = PBXFileReference; fileEncoding = 4; lastKnownFileType = sourcecode.c.h; path = DOPixelPainterViewContoller.h; sourceTree = "<group>"; };
		CE7FE17914E1D68200DB367B /* DOPixelPainterViewContoller.m */ = {isa = PBXFileReference; fileEncoding = 4; lastKnownFileType = sourcecode.c.objc; path = DOPixelPainterViewContoller.m; sourceTree = "<group>"; };
/* End PBXFileReference section */

/* Begin PBXFrameworksBuildPhase section */
		CE161C0814D5AAF800B8C7DE /* Frameworks */ = {
			isa = PBXFrameworksBuildPhase;
			buildActionMask = 2147483647;
			files = (
				CE70CE1C14FD76520024B002 /* QuartzCore.framework in Frameworks */,
				CE161C1014D5AAF800B8C7DE /* UIKit.framework in Frameworks */,
				CE161C1214D5AAF800B8C7DE /* Foundation.framework in Frameworks */,
				CE161C1414D5AAF800B8C7DE /* CoreGraphics.framework in Frameworks */,
			);
			runOnlyForDeploymentPostprocessing = 0;
		};
/* End PBXFrameworksBuildPhase section */

/* Begin PBXGroup section */
		CE161C0014D5AAF800B8C7DE = {
			isa = PBXGroup;
			children = (
				CE161C1514D5AAF800B8C7DE /* pixel painter */,
				CE161C0E14D5AAF800B8C7DE /* Frameworks */,
				CE161C0C14D5AAF800B8C7DE /* Products */,
			);
			sourceTree = "<group>";
		};
		CE161C0C14D5AAF800B8C7DE /* Products */ = {
			isa = PBXGroup;
			children = (
				CE161C0B14D5AAF800B8C7DE /* pixel painter.app */,
			);
			name = Products;
			sourceTree = "<group>";
		};
		CE161C0E14D5AAF800B8C7DE /* Frameworks */ = {
			isa = PBXGroup;
			children = (
				CE70CE1B14FD76520024B002 /* QuartzCore.framework */,
				CE161C0F14D5AAF800B8C7DE /* UIKit.framework */,
				CE161C1114D5AAF800B8C7DE /* Foundation.framework */,
				CE161C1314D5AAF800B8C7DE /* CoreGraphics.framework */,
			);
			name = Frameworks;
			sourceTree = "<group>";
		};
		CE161C1514D5AAF800B8C7DE /* pixel painter */ = {
			isa = PBXGroup;
			children = (
				A24FB3FF14F64CAD00CB1143 /* DOConstants.h */,
				CE62227214F4429600B94622 /* DOPixelPainterModel.h */,
				CE62227314F4429600B94622 /* DOPixelPainterModel.m */,
				CE7FE17814E1D68200DB367B /* DOPixelPainterViewContoller.h */,
				CE7FE17914E1D68200DB367B /* DOPixelPainterViewContoller.m */,
				CE161C1E14D5AAF800B8C7DE /* DOAppDelegate.h */,
				CE161C1F14D5AAF800B8C7DE /* DOAppDelegate.m */,
				CE6D7A2C14EF00DC00D707E4 /* DONavigationView.h */,
				CE6D7A2D14EF00DC00D707E4 /* DONavigationView.m */,
				A214F74014F534BA00D71C06 /* DOSubviewContainerView.h */,
				A214F74114F534BA00D71C06 /* DOSubviewContainerView.m */,
				A214F74314F534F700D71C06 /* DOColorPickerView.h */,
				A214F74414F534F700D71C06 /* DOColorPickerView.m */,
				A214F74614F538E400D71C06 /* DOFileSettingsView.h */,
				A214F74714F538E400D71C06 /* DOFileSettingsView.m */,
				A214F74C14F53F7300D71C06 /* DOSubviewManager.h */,
				A214F74D14F53F7300D71C06 /* DOSubviewManager.m */,
				CE73F70B14F59FBE003B9C12 /* DOColorPreviewView.h */,
				CE73F70C14F59FBE003B9C12 /* DOColorPreviewView.m */,
				A24FB40914F6851300CB1143 /* DODrawingView.h */,
				A24FB40A14F6851400CB1143 /* DODrawingView.m */,
				A24FB40214F65A3600CB1143 /* DOColorMapView.h */,
				A24FB40314F65A3700CB1143 /* DOColorMapView.m */,
				CE7160BB14FA45D000A577B7 /* DOScrollView.h */,
				CE7160BC14FA45D100A577B7 /* DOScrollView.m */,
				CE73F70114F59A0D003B9C12 /* GradientView.h */,
				CE73F70214F59A0D003B9C12 /* GradientView.m */,
				CE73F70514F59C37003B9C12 /* UIColor-HSVAdditions.m */,
				CE73F70614F59C37003B9C12 /* UIColor-HSVAdditions.h */,
				CE73F70814F59C4F003B9C12 /* UIColor-Expanded.h */,
				CE73F70914F59C4F003B9C12 /* UIColor-Expanded.m */,
				CE27CAFE14D9F57000500778 /* UIImageView-ColorUtils.h */,
				CE27CAFF14D9F57000500778 /* UIImageView-ColorUtils.m */,
				CE161C2114D5AAF800B8C7DE /* MainStoryboard.storyboard */,
				CE161C1614D5AAF800B8C7DE /* Supporting Files */,
			);
			path = "pixel painter";
			sourceTree = "<group>";
		};
		CE161C1614D5AAF800B8C7DE /* Supporting Files */ = {
			isa = PBXGroup;
			children = (
				A2980564150E4036007A83F9 /* rIconPull.png */,
				A2980565150E4036007A83F9 /* rIconSave.png */,
				A20B733F150A5463003BA628 /* rIconPicker.png */,
				A20B7340150A5463003BA628 /* rIconPickerSelected.png */,
				A24FB40514F67C6400CB1143 /* colorspectrum.fla */,
				A24FB40614F67C6400CB1143 /* colorspectrum.swf */,
				A2BF88521508E548007AA803 /* rFolder.png */,
				A2BF88531508E548007AA803 /* rFolderButtonClose.png */,
				A2BF88541508E548007AA803 /* rFolderButtonOpen.png */,
				A2AEDCC214F3FB31000BD340 /* first.png */,
				A2AEDCC314F3FB31000BD340 /* first@2x.png */,
				A2AEDCC414F3FB31000BD340 /* rColorMap.png */,
				A2AEDCC514F3FB31000BD340 /* rFolderClose.png */,
				A2AEDCC614F3FB31000BD340 /* rFolderOpen.png */,
				A2AEDCC714F3FB31000BD340 /* rIconColor.png */,
				A2AEDCC814F3FB31000BD340 /* rIconColorPicker.png */,
				A2AEDCC914F3FB31000BD340 /* rIconColorPickerHorizontal.png */,
				A2AEDCCA14F3FB31000BD340 /* rIconColorSelected.png */,
				A2AEDCCB14F3FB31000BD340 /* rIconFile.png */,
				A2AEDCCC14F3FB31000BD340 /* rIconFileSelected.png */,
				A2AEDCCD14F3FB31000BD340 /* rIconMoveActive.png */,
				A2AEDCCE14F3FB31000BD340 /* rIconMoveInactive.png */,
				A2AEDCCF14F3FB31000BD340 /* rIconMoveSelected.png */,
				A2AEDCD014F3FB31000BD340 /* rIconPixelPainter.png */,
				A2AEDCD114F3FB31000BD340 /* rIconZoomIn.png */,
				A2AEDCD214F3FB31000BD340 /* rIconZoomInSelected.png */,
				A2AEDCD314F3FB31000BD340 /* rIconZoomOut.png */,
				A2AEDCD414F3FB31000BD340 /* rIconZoomOutSelected.png */,
				A2AEDCD514F3FB31000BD340 /* rSeparator.png */,
				A2AEDCD614F3FB31000BD340 /* second.png */,
				A2AEDCD714F3FB31000BD340 /* second@2x.png */,
				A2AEDCD814F3FB31000BD340 /* sIconPixelPainter.png */,
				CE7BEE2E14E47EC90011D567 /* pixel-painter.psd */,
				CE161C1714D5AAF800B8C7DE /* pixel painter-Info.plist */,
				CE161C1814D5AAF800B8C7DE /* InfoPlist.strings */,
				CE161C1B14D5AAF800B8C7DE /* main.m */,
				CE161C1D14D5AAF800B8C7DE /* pixel painter-Prefix.pch */,
			);
			name = "Supporting Files";
			sourceTree = "<group>";
		};
/* End PBXGroup section */

/* Begin PBXNativeTarget section */
		CE161C0A14D5AAF800B8C7DE /* pixel painter */ = {
			isa = PBXNativeTarget;
			buildConfigurationList = CE161C3414D5AAF800B8C7DE /* Build configuration list for PBXNativeTarget "pixel painter" */;
			buildPhases = (
				CE161C0714D5AAF800B8C7DE /* Sources */,
				CE161C0814D5AAF800B8C7DE /* Frameworks */,
				CE161C0914D5AAF800B8C7DE /* Resources */,
			);
			buildRules = (
			);
			dependencies = (
			);
			name = "pixel painter";
			productName = "pixel painter";
			productReference = CE161C0B14D5AAF800B8C7DE /* pixel painter.app */;
			productType = "com.apple.product-type.application";
		};
/* End PBXNativeTarget section */

/* Begin PBXProject section */
		CE161C0214D5AAF800B8C7DE /* Project object */ = {
			isa = PBXProject;
			attributes = {
				LastUpgradeCheck = 0420;
			};
			buildConfigurationList = CE161C0514D5AAF800B8C7DE /* Build configuration list for PBXProject "pixel painter" */;
			compatibilityVersion = "Xcode 3.2";
			developmentRegion = English;
			hasScannedForEncodings = 0;
			knownRegions = (
				en,
			);
			mainGroup = CE161C0014D5AAF800B8C7DE;
			productRefGroup = CE161C0C14D5AAF800B8C7DE /* Products */;
			projectDirPath = "";
			projectRoot = "";
			targets = (
				CE161C0A14D5AAF800B8C7DE /* pixel painter */,
			);
		};
/* End PBXProject section */

/* Begin PBXResourcesBuildPhase section */
		CE161C0914D5AAF800B8C7DE /* Resources */ = {
			isa = PBXResourcesBuildPhase;
			buildActionMask = 2147483647;
			files = (
				CE161C1A14D5AAF800B8C7DE /* InfoPlist.strings in Resources */,
				CE161C2314D5AAF800B8C7DE /* MainStoryboard.storyboard in Resources */,
				CE7BEE3B14E47EC90011D567 /* pixel-painter.psd in Resources */,
				A2AEDCD914F3FB31000BD340 /* first.png in Resources */,
				A2AEDCDA14F3FB31000BD340 /* first@2x.png in Resources */,
				A2AEDCDB14F3FB31000BD340 /* rColorMap.png in Resources */,
				A2AEDCDC14F3FB31000BD340 /* rFolderClose.png in Resources */,
				A2AEDCDD14F3FB31000BD340 /* rFolderOpen.png in Resources */,
				A2AEDCDE14F3FB31000BD340 /* rIconColor.png in Resources */,
				A2AEDCDF14F3FB31000BD340 /* rIconColorPicker.png in Resources */,
				A2AEDCE014F3FB31000BD340 /* rIconColorPickerHorizontal.png in Resources */,
				A2AEDCE114F3FB31000BD340 /* rIconColorSelected.png in Resources */,
				A2AEDCE214F3FB31000BD340 /* rIconFile.png in Resources */,
				A2AEDCE314F3FB31000BD340 /* rIconFileSelected.png in Resources */,
				A2AEDCE414F3FB31000BD340 /* rIconMoveActive.png in Resources */,
				A2AEDCE514F3FB31000BD340 /* rIconMoveInactive.png in Resources */,
				A2AEDCE614F3FB31000BD340 /* rIconMoveSelected.png in Resources */,
				A2AEDCE714F3FB31000BD340 /* rIconPixelPainter.png in Resources */,
				A2AEDCE814F3FB31000BD340 /* rIconZoomIn.png in Resources */,
				A2AEDCE914F3FB31000BD340 /* rIconZoomInSelected.png in Resources */,
				A2AEDCEA14F3FB31000BD340 /* rIconZoomOut.png in Resources */,
				A2AEDCEB14F3FB31000BD340 /* rIconZoomOutSelected.png in Resources */,
				A2AEDCEC14F3FB31000BD340 /* rSeparator.png in Resources */,
				A2AEDCED14F3FB31000BD340 /* second.png in Resources */,
				A2AEDCEE14F3FB31000BD340 /* second@2x.png in Resources */,
				A2AEDCEF14F3FB31000BD340 /* sIconPixelPainter.png in Resources */,
				A24FB40714F67C6400CB1143 /* colorspectrum.fla in Resources */,
				A24FB40814F67C6400CB1143 /* colorspectrum.swf in Resources */,
				A2BF88551508E548007AA803 /* rFolder.png in Resources */,
				A2BF88561508E548007AA803 /* rFolderButtonClose.png in Resources */,
				A2BF88571508E548007AA803 /* rFolderButtonOpen.png in Resources */,
				A20B7341150A5464003BA628 /* rIconPicker.png in Resources */,
				A20B7342150A5464003BA628 /* rIconPickerSelected.png in Resources */,
				A2980566150E4036007A83F9 /* rIconPull.png in Resources */,
				A2980567150E4036007A83F9 /* rIconSave.png in Resources */,
			);
			runOnlyForDeploymentPostprocessing = 0;
		};
/* End PBXResourcesBuildPhase section */

/* Begin PBXSourcesBuildPhase section */
		CE161C0714D5AAF800B8C7DE /* Sources */ = {
			isa = PBXSourcesBuildPhase;
			buildActionMask = 2147483647;
			files = (
				CE161C1C14D5AAF800B8C7DE /* main.m in Sources */,
				CE161C2014D5AAF800B8C7DE /* DOAppDelegate.m in Sources */,
				CE27CB0014D9F57000500778 /* UIImageView-ColorUtils.m in Sources */,
				CE7FE17B14E1D68200DB367B /* DOPixelPainterViewContoller.m in Sources */,
				CE6D7A2E14EF00DC00D707E4 /* DONavigationView.m in Sources */,
				CE62227414F4429600B94622 /* DOPixelPainterModel.m in Sources */,
				A214F74214F534BA00D71C06 /* DOSubviewContainerView.m in Sources */,
				A214F74514F534F700D71C06 /* DOColorPickerView.m in Sources */,
				A214F74814F538E400D71C06 /* DOFileSettingsView.m in Sources */,
				A214F74E14F53F7300D71C06 /* DOSubviewManager.m in Sources */,
				CE73F70314F59A0D003B9C12 /* GradientView.m in Sources */,
				CE73F70714F59C37003B9C12 /* UIColor-HSVAdditions.m in Sources */,
				CE73F70A14F59C4F003B9C12 /* UIColor-Expanded.m in Sources */,
				CE73F70D14F59FBE003B9C12 /* DOColorPreviewView.m in Sources */,
				A24FB40414F65A3700CB1143 /* DOColorMapView.m in Sources */,
				A24FB40B14F6851500CB1143 /* DODrawingView.m in Sources */,
				CE7160BD14FA45D100A577B7 /* DOScrollView.m in Sources */,
			);
			runOnlyForDeploymentPostprocessing = 0;
		};
/* End PBXSourcesBuildPhase section */

/* Begin PBXVariantGroup section */
		CE161C1814D5AAF800B8C7DE /* InfoPlist.strings */ = {
			isa = PBXVariantGroup;
			children = (
				CE161C1914D5AAF800B8C7DE /* en */,
			);
			name = InfoPlist.strings;
			sourceTree = "<group>";
		};
		CE161C2114D5AAF800B8C7DE /* MainStoryboard.storyboard */ = {
			isa = PBXVariantGroup;
			children = (
				CE161C2214D5AAF800B8C7DE /* en */,
			);
			name = MainStoryboard.storyboard;
			sourceTree = "<group>";
		};
/* End PBXVariantGroup section */

/* Begin XCBuildConfiguration section */
		CE161C3214D5AAF800B8C7DE /* Debug */ = {
			isa = XCBuildConfiguration;
			buildSettings = {
				ALWAYS_SEARCH_USER_PATHS = NO;
				ARCHS = "$(ARCHS_STANDARD_32_BIT)";
				CLANG_ENABLE_OBJC_ARC = YES;
				"CODE_SIGN_IDENTITY[sdk=iphoneos*]" = "iPhone Developer";
				COPY_PHASE_STRIP = NO;
				GCC_C_LANGUAGE_STANDARD = gnu99;
				GCC_DYNAMIC_NO_PIC = NO;
				GCC_OPTIMIZATION_LEVEL = 0;
				GCC_PREPROCESSOR_DEFINITIONS = (
					"DEBUG=1",
					"$(inherited)",
				);
				GCC_SYMBOLS_PRIVATE_EXTERN = NO;
				GCC_VERSION = com.apple.compilers.llvm.clang.1_0;
				GCC_WARN_ABOUT_MISSING_PROTOTYPES = YES;
				GCC_WARN_ABOUT_RETURN_TYPE = YES;
				GCC_WARN_UNUSED_VARIABLE = YES;
				IPHONEOS_DEPLOYMENT_TARGET = 5.0;
				SDKROOT = iphoneos;
			};
			name = Debug;
		};
		CE161C3314D5AAF800B8C7DE /* Release */ = {
			isa = XCBuildConfiguration;
			buildSettings = {
				ALWAYS_SEARCH_USER_PATHS = NO;
				ARCHS = "$(ARCHS_STANDARD_32_BIT)";
				CLANG_ENABLE_OBJC_ARC = YES;
				"CODE_SIGN_IDENTITY[sdk=iphoneos*]" = "iPhone Developer";
				COPY_PHASE_STRIP = YES;
				GCC_C_LANGUAGE_STANDARD = gnu99;
				GCC_VERSION = com.apple.compilers.llvm.clang.1_0;
				GCC_WARN_ABOUT_MISSING_PROTOTYPES = YES;
				GCC_WARN_ABOUT_RETURN_TYPE = YES;
				GCC_WARN_UNUSED_VARIABLE = YES;
				IPHONEOS_DEPLOYMENT_TARGET = 5.0;
				OTHER_CFLAGS = "-DNS_BLOCK_ASSERTIONS=1";
				SDKROOT = iphoneos;
				VALIDATE_PRODUCT = YES;
			};
			name = Release;
		};
		CE161C3514D5AAF800B8C7DE /* Debug */ = {
			isa = XCBuildConfiguration;
			buildSettings = {
				GCC_PRECOMPILE_PREFIX_HEADER = YES;
				GCC_PREFIX_HEADER = "pixel painter/pixel painter-Prefix.pch";
				INFOPLIST_FILE = "pixel painter/pixel painter-Info.plist";
				IPHONEOS_DEPLOYMENT_TARGET = 5.0;
				PRODUCT_NAME = "$(TARGET_NAME)";
				WRAPPER_EXTENSION = app;
			};
			name = Debug;
		};
		CE161C3614D5AAF800B8C7DE /* Release */ = {
			isa = XCBuildConfiguration;
			buildSettings = {
				GCC_PRECOMPILE_PREFIX_HEADER = YES;
				GCC_PREFIX_HEADER = "pixel painter/pixel painter-Prefix.pch";
				INFOPLIST_FILE = "pixel painter/pixel painter-Info.plist";
				IPHONEOS_DEPLOYMENT_TARGET = 5.0;
				PRODUCT_NAME = "$(TARGET_NAME)";
				WRAPPER_EXTENSION = app;
			};
			name = Release;
		};
/* End XCBuildConfiguration section */

/* Begin XCConfigurationList section */
		CE161C0514D5AAF800B8C7DE /* Build configuration list for PBXProject "pixel painter" */ = {
			isa = XCConfigurationList;
			buildConfigurations = (
				CE161C3214D5AAF800B8C7DE /* Debug */,
				CE161C3314D5AAF800B8C7DE /* Release */,
			);
			defaultConfigurationIsVisible = 0;
			defaultConfigurationName = Release;
		};
		CE161C3414D5AAF800B8C7DE /* Build configuration list for PBXNativeTarget "pixel painter" */ = {
			isa = XCConfigurationList;
			buildConfigurations = (
				CE161C3514D5AAF800B8C7DE /* Debug */,
				CE161C3614D5AAF800B8C7DE /* Release */,
			);
			defaultConfigurationIsVisible = 0;
			defaultConfigurationName = Release;
		};
/* End XCConfigurationList section */
	};
	rootObject = CE161C0214D5AAF800B8C7DE /* Project object */;
}
